// !$*UTF8*$!
{
	archiveVersion = 1;
	classes = {
	};
	objectVersion = 46;
	objects = {

/* Begin PBXBuildFile section */
		AA4086F914D490F000EB2196 /* InfoPlist.strings in Resources */ = {isa = PBXBuildFile; fileRef = AA4086F714D490F000EB2196 /* InfoPlist.strings */; };
		AA40882B14D493A800EB2196 /* about.cpp in Sources */ = {isa = PBXBuildFile; fileRef = AA4087BC14D493A800EB2196 /* about.cpp */; };
		AA40882C14D493A800EB2196 /* controls.cpp in Sources */ = {isa = PBXBuildFile; fileRef = AA4087BF14D493A800EB2196 /* controls.cpp */; };
		AA40882D14D493A800EB2196 /* fastrand.cpp in Sources */ = {isa = PBXBuildFile; fileRef = AA4087C114D493A800EB2196 /* fastrand.cpp */; };
		AA40882E14D493A800EB2196 /* game.cpp in Sources */ = {isa = PBXBuildFile; fileRef = AA4087C314D493A800EB2196 /* game.cpp */; };
		AA40882F14D493A800EB2196 /* gameinfo.cpp in Sources */ = {isa = PBXBuildFile; fileRef = AA4087C514D493A800EB2196 /* gameinfo.cpp */; };
		AA40883014D493A800EB2196 /* init.cpp in Sources */ = {isa = PBXBuildFile; fileRef = AA4087C714D493A800EB2196 /* init.cpp */; };
		AA40883114D493A800EB2196 /* load.cpp in Sources */ = {isa = PBXBuildFile; fileRef = AA4087C914D493A800EB2196 /* load.cpp */; };
		AA40883214D493A800EB2196 /* lobby.cpp in Sources */ = {isa = PBXBuildFile; fileRef = AA4087CB14D493A800EB2196 /* lobby.cpp */; };
		AA40883314D493A800EB2196 /* MacDialog.cpp in Sources */ = {isa = PBXBuildFile; fileRef = AA4087CD14D493A800EB2196 /* MacDialog.cpp */; };
		AA40883414D493A800EB2196 /* MaelstromUI.cpp in Sources */ = {isa = PBXBuildFile; fileRef = AA4087D114D493A800EB2196 /* MaelstromUI.cpp */; };
		AA40883514D493A800EB2196 /* main.cpp in Sources */ = {isa = PBXBuildFile; fileRef = AA4087D314D493A800EB2196 /* main.cpp */; };
		AA40883614D493A800EB2196 /* make.cpp in Sources */ = {isa = PBXBuildFile; fileRef = AA4087D514D493A800EB2196 /* make.cpp */; };
		AA40883914D493A800EB2196 /* myerror.cpp in Sources */ = {isa = PBXBuildFile; fileRef = AA4087D914D493A800EB2196 /* myerror.cpp */; };
		AA40883A14D493A800EB2196 /* netplay.cpp in Sources */ = {isa = PBXBuildFile; fileRef = AA4087DB14D493A800EB2196 /* netplay.cpp */; };
		AA40883B14D493A800EB2196 /* object.cpp in Sources */ = {isa = PBXBuildFile; fileRef = AA4087DD14D493A800EB2196 /* object.cpp */; };
		AA40883C14D493A800EB2196 /* objects.cpp in Sources */ = {isa = PBXBuildFile; fileRef = AA4087DF14D493A800EB2196 /* objects.cpp */; };
		AA40883E14D493A800EB2196 /* player.cpp in Sources */ = {isa = PBXBuildFile; fileRef = AA4087E314D493A800EB2196 /* player.cpp */; };
		AA40883F14D493A800EB2196 /* rect.cpp in Sources */ = {isa = PBXBuildFile; fileRef = AA4087E614D493A800EB2196 /* rect.cpp */; };
		AA40884014D493A800EB2196 /* replay.cpp in Sources */ = {isa = PBXBuildFile; fileRef = AA4087E814D493A800EB2196 /* replay.cpp */; };
		AA40884114D493A800EB2196 /* scores.cpp in Sources */ = {isa = PBXBuildFile; fileRef = AA4087EA14D493A800EB2196 /* scores.cpp */; };
		AA40884314D493A800EB2196 /* Mac_FontServ.cpp in Sources */ = {isa = PBXBuildFile; fileRef = AA4087F114D493A800EB2196 /* Mac_FontServ.cpp */; };
		AA40884414D493A800EB2196 /* Mac_Sound.cpp in Sources */ = {isa = PBXBuildFile; fileRef = AA4087F314D493A800EB2196 /* Mac_Sound.cpp */; };
		AA40884814D493A800EB2196 /* mainstub.cpp in Sources */ = {isa = PBXBuildFile; fileRef = AA4087F814D493A800EB2196 /* mainstub.cpp */; };
		AA40884D14D493A800EB2196 /* SDL_FrameBuf.cpp in Sources */ = {isa = PBXBuildFile; fileRef = AA4087FE14D493A800EB2196 /* SDL_FrameBuf.cpp */; };
		AA40884E14D493A800EB2196 /* UIArea.cpp in Sources */ = {isa = PBXBuildFile; fileRef = AA40880014D493A800EB2196 /* UIArea.cpp */; };
		AA40884F14D493A800EB2196 /* UIBaseElement.cpp in Sources */ = {isa = PBXBuildFile; fileRef = AA40880214D493A800EB2196 /* UIBaseElement.cpp */; };
		AA40885014D493A800EB2196 /* UIContainer.cpp in Sources */ = {isa = PBXBuildFile; fileRef = AA40880414D493A800EB2196 /* UIContainer.cpp */; };
		AA40885114D493A800EB2196 /* UIDialog.cpp in Sources */ = {isa = PBXBuildFile; fileRef = AA40880614D493A800EB2196 /* UIDialog.cpp */; };
		AA40885214D493A800EB2196 /* UIDialogButton.cpp in Sources */ = {isa = PBXBuildFile; fileRef = AA40880814D493A800EB2196 /* UIDialogButton.cpp */; };
		AA40885314D493A800EB2196 /* UIDrawEngine.cpp in Sources */ = {isa = PBXBuildFile; fileRef = AA40880A14D493A800EB2196 /* UIDrawEngine.cpp */; };
		AA40885414D493A800EB2196 /* UIElement.cpp in Sources */ = {isa = PBXBuildFile; fileRef = AA40880C14D493A800EB2196 /* UIElement.cpp */; };
		AA40885514D493A800EB2196 /* UIElementButton.cpp in Sources */ = {isa = PBXBuildFile; fileRef = AA40880E14D493A800EB2196 /* UIElementButton.cpp */; };
		AA40885614D493A800EB2196 /* UIElementCheckbox.cpp in Sources */ = {isa = PBXBuildFile; fileRef = AA40881014D493A800EB2196 /* UIElementCheckbox.cpp */; };
		AA40885714D493A800EB2196 /* UIElementEditbox.cpp in Sources */ = {isa = PBXBuildFile; fileRef = AA40881214D493A800EB2196 /* UIElementEditbox.cpp */; };
		AA40885814D493A800EB2196 /* UIElementRadio.cpp in Sources */ = {isa = PBXBuildFile; fileRef = AA40881414D493A800EB2196 /* UIElementRadio.cpp */; };
		AA40885914D493A800EB2196 /* UIManager.cpp in Sources */ = {isa = PBXBuildFile; fileRef = AA40881714D493A800EB2196 /* UIManager.cpp */; };
		AA40885A14D493A800EB2196 /* UIPanel.cpp in Sources */ = {isa = PBXBuildFile; fileRef = AA40881914D493A800EB2196 /* UIPanel.cpp */; };
		AA40885B14D493A800EB2196 /* UITemplates.cpp in Sources */ = {isa = PBXBuildFile; fileRef = AA40881C14D493A800EB2196 /* UITemplates.cpp */; };
		AA40885C14D493A800EB2196 /* hashtable.c in Sources */ = {isa = PBXBuildFile; fileRef = AA40882114D493A800EB2196 /* hashtable.c */; };
		AA40885F14D493A800EB2196 /* physfsrwops.c in Sources */ = {isa = PBXBuildFile; fileRef = AA40882514D493A800EB2196 /* physfsrwops.c */; };
		AA40886014D493A800EB2196 /* prefs.cpp in Sources */ = {isa = PBXBuildFile; fileRef = AA40882714D493A800EB2196 /* prefs.cpp */; };
		AA4088ED14D4987200EB2196 /* SDL2_net.framework in Frameworks */ = {isa = PBXBuildFile; fileRef = AA4088EB14D4987200EB2196 /* SDL2_net.framework */; };
		AA4088EE14D4987200EB2196 /* SDL2.framework in Frameworks */ = {isa = PBXBuildFile; fileRef = AA4088EC14D4987200EB2196 /* SDL2.framework */; };
		AA4088F414D498CE00EB2196 /* SDL2.framework in Copy Frameworks */ = {isa = PBXBuildFile; fileRef = AA4088EC14D4987200EB2196 /* SDL2.framework */; };
		AA4088F514D498CE00EB2196 /* SDL2_net.framework in Copy Frameworks */ = {isa = PBXBuildFile; fileRef = AA4088EB14D4987200EB2196 /* SDL2_net.framework */; };
		AA40890614D49FFE00EB2196 /* Maelstrom.icns in Resources */ = {isa = PBXBuildFile; fileRef = AA40890514D49FFE00EB2196 /* Maelstrom.icns */; };
		AA439032161EBB5800FE5F41 /* UITexture.cpp in Sources */ = {isa = PBXBuildFile; fileRef = AA439030161EBB5800FE5F41 /* UITexture.cpp */; };
		AA439047161EBDCA00FE5F41 /* archiver_dir.c in Sources */ = {isa = PBXBuildFile; fileRef = AA439035161EBDCA00FE5F41 /* archiver_dir.c */; };
		AA439048161EBDCA00FE5F41 /* archiver_zip.c in Sources */ = {isa = PBXBuildFile; fileRef = AA439036161EBDCA00FE5F41 /* archiver_zip.c */; };
		AA43904C161EBDCA00FE5F41 /* physfs.c in Sources */ = {isa = PBXBuildFile; fileRef = AA43903A161EBDCA00FE5F41 /* physfs.c */; };
		AA43904D161EBDCA00FE5F41 /* physfs_byteorder.c in Sources */ = {isa = PBXBuildFile; fileRef = AA43903C161EBDCA00FE5F41 /* physfs_byteorder.c */; };
		AA43904E161EBDCA00FE5F41 /* physfs_unicode.c in Sources */ = {isa = PBXBuildFile; fileRef = AA439041161EBDCA00FE5F41 /* physfs_unicode.c */; };
		AA43904F161EBDCA00FE5F41 /* platform_beos.cpp in Sources */ = {isa = PBXBuildFile; fileRef = AA439042161EBDCA00FE5F41 /* platform_beos.cpp */; };
		AA439050161EBDCA00FE5F41 /* platform_macosx.c in Sources */ = {isa = PBXBuildFile; fileRef = AA439043161EBDCA00FE5F41 /* platform_macosx.c */; };
		AA439051161EBDCA00FE5F41 /* platform_posix.c in Sources */ = {isa = PBXBuildFile; fileRef = AA439044161EBDCA00FE5F41 /* platform_posix.c */; };
		AA439052161EBDCA00FE5F41 /* platform_unix.c in Sources */ = {isa = PBXBuildFile; fileRef = AA439045161EBDCA00FE5F41 /* platform_unix.c */; };
		AA439053161EBDCA00FE5F41 /* platform_windows.c in Sources */ = {isa = PBXBuildFile; fileRef = AA439046161EBDCA00FE5F41 /* platform_windows.c */; };
		AA439075161EC0A100FE5F41 /* CoreFoundation.framework in Frameworks */ = {isa = PBXBuildFile; fileRef = AA439074161EC0A100FE5F41 /* CoreFoundation.framework */; };
		AA439078161ED5AC00FE5F41 /* MaelstromFeatures.cpp in Sources */ = {isa = PBXBuildFile; fileRef = AA439076161ED5AC00FE5F41 /* MaelstromFeatures.cpp */; };
		AA4390821620E38800FE5F41 /* UIElementThumbstick.cpp in Sources */ = {isa = PBXBuildFile; fileRef = AA4390801620E38800FE5F41 /* UIElementThumbstick.cpp */; };
		AA8B18F2161C0B59005318A4 /* SDL2_image.framework in Frameworks */ = {isa = PBXBuildFile; fileRef = AA8B18F1161C0B59005318A4 /* SDL2_image.framework */; };
		AA8B1900161C1134005318A4 /* continue.cpp in Sources */ = {isa = PBXBuildFile; fileRef = AA8B18FA161C1134005318A4 /* continue.cpp */; };
		AA8B1902161C1134005318A4 /* gameover.cpp in Sources */ = {isa = PBXBuildFile; fileRef = AA8B18FE161C1134005318A4 /* gameover.cpp */; };
		AA8B1905161C1188005318A4 /* loadxml.cpp in Sources */ = {isa = PBXBuildFile; fileRef = AA8B1903161C1188005318A4 /* loadxml.cpp */; };
		AA93530E164399C400B7B41B /* SDL2_ttf.framework in Frameworks */ = {isa = PBXBuildFile; fileRef = AA93530D164399C400B7B41B /* SDL2_ttf.framework */; };
		AAAA999F162FE466008140E1 /* Maelstrom_Data.zip in Resources */ = {isa = PBXBuildFile; fileRef = AAAA999E162FE466008140E1 /* Maelstrom_Data.zip */; };
		AAC2576C1647AA6700F5FB43 /* files.c in Sources */ = {isa = PBXBuildFile; fileRef = AAC2576A1647AA6700F5FB43 /* files.c */; };
/* End PBXBuildFile section */

/* Begin PBXContainerItemProxy section */
		AA8B1924161C3451005318A4 /* PBXContainerItemProxy */ = {
			isa = PBXContainerItemProxy;
			containerPortal = AA4086E114D490F000EB2196 /* Project object */;
			proxyType = 1;
			remoteGlobalIDString = AA4086E914D490F000EB2196;
			remoteInfo = Maelstrom;
		};
/* End PBXContainerItemProxy section */

/* Begin PBXCopyFilesBuildPhase section */
		AA4088E414D497FC00EB2196 /* Copy Frameworks */ = {
			isa = PBXCopyFilesBuildPhase;
			buildActionMask = 2147483647;
			dstPath = "";
			dstSubfolderSpec = 10;
			files = (
				AA4088F414D498CE00EB2196 /* SDL2.framework in Copy Frameworks */,
				AA4088F514D498CE00EB2196 /* SDL2_net.framework in Copy Frameworks */,
			);
			name = "Copy Frameworks";
			runOnlyForDeploymentPostprocessing = 0;
		};
/* End PBXCopyFilesBuildPhase section */

/* Begin PBXFileReference section */
		AA4086EA14D490F000EB2196 /* Maelstrom.app */ = {isa = PBXFileReference; explicitFileType = wrapper.application; includeInIndex = 0; path = Maelstrom.app; sourceTree = BUILT_PRODUCTS_DIR; };
		AA4086F614D490F000EB2196 /* Maelstrom-Info.plist */ = {isa = PBXFileReference; lastKnownFileType = text.plist.xml; path = "Maelstrom-Info.plist"; sourceTree = SOURCE_ROOT; };
		AA4086F814D490F000EB2196 /* en */ = {isa = PBXFileReference; lastKnownFileType = text.plist.strings; name = en; path = en.lproj/InfoPlist.strings; sourceTree = "<group>"; };
		AA4087BC14D493A800EB2196 /* about.cpp */ = {isa = PBXFileReference; fileEncoding = 4; lastKnownFileType = sourcecode.cpp.cpp; path = about.cpp; sourceTree = "<group>"; };
		AA4087BD14D493A800EB2196 /* about.h */ = {isa = PBXFileReference; fileEncoding = 4; lastKnownFileType = sourcecode.c.h; path = about.h; sourceTree = "<group>"; };
		AA4087BE14D493A800EB2196 /* colortable.h */ = {isa = PBXFileReference; fileEncoding = 4; lastKnownFileType = sourcecode.c.h; path = colortable.h; sourceTree = "<group>"; };
		AA4087BF14D493A800EB2196 /* controls.cpp */ = {isa = PBXFileReference; fileEncoding = 4; lastKnownFileType = sourcecode.cpp.cpp; path = controls.cpp; sourceTree = "<group>"; };
		AA4087C014D493A800EB2196 /* controls.h */ = {isa = PBXFileReference; fileEncoding = 4; lastKnownFileType = sourcecode.c.h; path = controls.h; sourceTree = "<group>"; };
		AA4087C114D493A800EB2196 /* fastrand.cpp */ = {isa = PBXFileReference; fileEncoding = 4; lastKnownFileType = sourcecode.cpp.cpp; path = fastrand.cpp; sourceTree = "<group>"; };
		AA4087C214D493A800EB2196 /* fastrand.h */ = {isa = PBXFileReference; fileEncoding = 4; lastKnownFileType = sourcecode.c.h; path = fastrand.h; sourceTree = "<group>"; };
		AA4087C314D493A800EB2196 /* game.cpp */ = {isa = PBXFileReference; fileEncoding = 4; lastKnownFileType = sourcecode.cpp.cpp; path = game.cpp; sourceTree = "<group>"; };
		AA4087C414D493A800EB2196 /* game.h */ = {isa = PBXFileReference; fileEncoding = 4; lastKnownFileType = sourcecode.c.h; path = game.h; sourceTree = "<group>"; };
		AA4087C514D493A800EB2196 /* gameinfo.cpp */ = {isa = PBXFileReference; fileEncoding = 4; lastKnownFileType = sourcecode.cpp.cpp; path = gameinfo.cpp; sourceTree = "<group>"; };
		AA4087C614D493A800EB2196 /* gameinfo.h */ = {isa = PBXFileReference; fileEncoding = 4; lastKnownFileType = sourcecode.c.h; path = gameinfo.h; sourceTree = "<group>"; };
		AA4087C714D493A800EB2196 /* init.cpp */ = {isa = PBXFileReference; fileEncoding = 4; lastKnownFileType = sourcecode.cpp.cpp; path = init.cpp; sourceTree = "<group>"; };
		AA4087C814D493A800EB2196 /* init.h */ = {isa = PBXFileReference; fileEncoding = 4; lastKnownFileType = sourcecode.c.h; path = init.h; sourceTree = "<group>"; };
		AA4087C914D493A800EB2196 /* load.cpp */ = {isa = PBXFileReference; fileEncoding = 4; lastKnownFileType = sourcecode.cpp.cpp; path = load.cpp; sourceTree = "<group>"; };
		AA4087CA14D493A800EB2196 /* load.h */ = {isa = PBXFileReference; fileEncoding = 4; lastKnownFileType = sourcecode.c.h; path = load.h; sourceTree = "<group>"; };
		AA4087CB14D493A800EB2196 /* lobby.cpp */ = {isa = PBXFileReference; fileEncoding = 4; lastKnownFileType = sourcecode.cpp.cpp; path = lobby.cpp; sourceTree = "<group>"; };
		AA4087CC14D493A800EB2196 /* lobby.h */ = {isa = PBXFileReference; fileEncoding = 4; lastKnownFileType = sourcecode.c.h; path = lobby.h; sourceTree = "<group>"; };
		AA4087CD14D493A800EB2196 /* MacDialog.cpp */ = {isa = PBXFileReference; fileEncoding = 4; lastKnownFileType = sourcecode.cpp.cpp; path = MacDialog.cpp; sourceTree = "<group>"; };
		AA4087CE14D493A800EB2196 /* MacDialog.h */ = {isa = PBXFileReference; fileEncoding = 4; lastKnownFileType = sourcecode.c.h; path = MacDialog.h; sourceTree = "<group>"; };
		AA4087CF14D493A800EB2196 /* Maelstrom.h */ = {isa = PBXFileReference; fileEncoding = 4; lastKnownFileType = sourcecode.c.h; path = Maelstrom.h; sourceTree = "<group>"; };
		AA4087D014D493A800EB2196 /* Maelstrom_Globals.h */ = {isa = PBXFileReference; fileEncoding = 4; lastKnownFileType = sourcecode.c.h; path = Maelstrom_Globals.h; sourceTree = "<group>"; };
		AA4087D114D493A800EB2196 /* MaelstromUI.cpp */ = {isa = PBXFileReference; fileEncoding = 4; lastKnownFileType = sourcecode.cpp.cpp; path = MaelstromUI.cpp; sourceTree = "<group>"; };
		AA4087D214D493A800EB2196 /* MaelstromUI.h */ = {isa = PBXFileReference; fileEncoding = 4; lastKnownFileType = sourcecode.c.h; path = MaelstromUI.h; sourceTree = "<group>"; };
		AA4087D314D493A800EB2196 /* main.cpp */ = {isa = PBXFileReference; fileEncoding = 4; lastKnownFileType = sourcecode.cpp.cpp; path = main.cpp; sourceTree = "<group>"; };
		AA4087D414D493A800EB2196 /* main.h */ = {isa = PBXFileReference; fileEncoding = 4; lastKnownFileType = sourcecode.c.h; path = main.h; sourceTree = "<group>"; };
		AA4087D514D493A800EB2196 /* make.cpp */ = {isa = PBXFileReference; fileEncoding = 4; lastKnownFileType = sourcecode.cpp.cpp; path = make.cpp; sourceTree = "<group>"; };
		AA4087D614D493A800EB2196 /* make.h */ = {isa = PBXFileReference; fileEncoding = 4; lastKnownFileType = sourcecode.c.h; path = make.h; sourceTree = "<group>"; };
		AA4087D914D493A800EB2196 /* myerror.cpp */ = {isa = PBXFileReference; fileEncoding = 4; lastKnownFileType = sourcecode.cpp.cpp; path = myerror.cpp; sourceTree = "<group>"; };
		AA4087DA14D493A800EB2196 /* myerror.h */ = {isa = PBXFileReference; fileEncoding = 4; lastKnownFileType = sourcecode.c.h; path = myerror.h; sourceTree = "<group>"; };
		AA4087DB14D493A800EB2196 /* netplay.cpp */ = {isa = PBXFileReference; fileEncoding = 4; lastKnownFileType = sourcecode.cpp.cpp; path = netplay.cpp; sourceTree = "<group>"; };
		AA4087DC14D493A800EB2196 /* netplay.h */ = {isa = PBXFileReference; fileEncoding = 4; lastKnownFileType = sourcecode.c.h; path = netplay.h; sourceTree = "<group>"; };
		AA4087DD14D493A800EB2196 /* object.cpp */ = {isa = PBXFileReference; fileEncoding = 4; lastKnownFileType = sourcecode.cpp.cpp; path = object.cpp; sourceTree = "<group>"; };
		AA4087DE14D493A800EB2196 /* object.h */ = {isa = PBXFileReference; fileEncoding = 4; lastKnownFileType = sourcecode.c.h; path = object.h; sourceTree = "<group>"; };
		AA4087DF14D493A800EB2196 /* objects.cpp */ = {isa = PBXFileReference; fileEncoding = 4; lastKnownFileType = sourcecode.cpp.cpp; path = objects.cpp; sourceTree = "<group>"; };
		AA4087E014D493A800EB2196 /* objects.h */ = {isa = PBXFileReference; fileEncoding = 4; lastKnownFileType = sourcecode.c.h; path = objects.h; sourceTree = "<group>"; };
		AA4087E214D493A800EB2196 /* packet.h */ = {isa = PBXFileReference; fileEncoding = 4; lastKnownFileType = sourcecode.c.h; path = packet.h; sourceTree = "<group>"; };
		AA4087E314D493A800EB2196 /* player.cpp */ = {isa = PBXFileReference; fileEncoding = 4; lastKnownFileType = sourcecode.cpp.cpp; path = player.cpp; sourceTree = "<group>"; };
		AA4087E414D493A800EB2196 /* player.h */ = {isa = PBXFileReference; fileEncoding = 4; lastKnownFileType = sourcecode.c.h; path = player.h; sourceTree = "<group>"; };
		AA4087E514D493A800EB2196 /* protocol.h */ = {isa = PBXFileReference; fileEncoding = 4; lastKnownFileType = sourcecode.c.h; path = protocol.h; sourceTree = "<group>"; };
		AA4087E614D493A800EB2196 /* rect.cpp */ = {isa = PBXFileReference; fileEncoding = 4; lastKnownFileType = sourcecode.cpp.cpp; path = rect.cpp; sourceTree = "<group>"; };
		AA4087E714D493A800EB2196 /* rect.h */ = {isa = PBXFileReference; fileEncoding = 4; lastKnownFileType = sourcecode.c.h; path = rect.h; sourceTree = "<group>"; };
		AA4087E814D493A800EB2196 /* replay.cpp */ = {isa = PBXFileReference; fileEncoding = 4; lastKnownFileType = sourcecode.cpp.cpp; path = replay.cpp; sourceTree = "<group>"; };
		AA4087E914D493A800EB2196 /* replay.h */ = {isa = PBXFileReference; fileEncoding = 4; lastKnownFileType = sourcecode.c.h; path = replay.h; sourceTree = "<group>"; };
		AA4087EA14D493A800EB2196 /* scores.cpp */ = {isa = PBXFileReference; fileEncoding = 4; lastKnownFileType = sourcecode.cpp.cpp; path = scores.cpp; sourceTree = "<group>"; };
		AA4087EB14D493A800EB2196 /* scores.h */ = {isa = PBXFileReference; fileEncoding = 4; lastKnownFileType = sourcecode.c.h; path = scores.h; sourceTree = "<group>"; };
		AA4087EC14D493A800EB2196 /* shinobi.h */ = {isa = PBXFileReference; fileEncoding = 4; lastKnownFileType = sourcecode.c.h; path = shinobi.h; sourceTree = "<group>"; };
		AA4087EE14D493A800EB2196 /* bitesex.h */ = {isa = PBXFileReference; fileEncoding = 4; lastKnownFileType = sourcecode.c.h; path = bitesex.h; sourceTree = "<group>"; };
		AA4087F014D493A800EB2196 /* Mac_Compat.h */ = {isa = PBXFileReference; fileEncoding = 4; lastKnownFileType = sourcecode.c.h; path = Mac_Compat.h; sourceTree = "<group>"; };
		AA4087F114D493A800EB2196 /* Mac_FontServ.cpp */ = {isa = PBXFileReference; fileEncoding = 4; lastKnownFileType = sourcecode.cpp.cpp; path = Mac_FontServ.cpp; sourceTree = "<group>"; };
		AA4087F214D493A800EB2196 /* Mac_FontServ.h */ = {isa = PBXFileReference; fileEncoding = 4; lastKnownFileType = sourcecode.c.h; path = Mac_FontServ.h; sourceTree = "<group>"; };
		AA4087F314D493A800EB2196 /* Mac_Sound.cpp */ = {isa = PBXFileReference; fileEncoding = 4; lastKnownFileType = sourcecode.cpp.cpp; path = Mac_Sound.cpp; sourceTree = "<group>"; };
		AA4087F414D493A800EB2196 /* Mac_Sound.h */ = {isa = PBXFileReference; fileEncoding = 4; lastKnownFileType = sourcecode.c.h; path = Mac_Sound.h; sourceTree = "<group>"; };
		AA4087F814D493A800EB2196 /* mainstub.cpp */ = {isa = PBXFileReference; fileEncoding = 4; lastKnownFileType = sourcecode.cpp.cpp; name = mainstub.cpp; path = ../mainstub.cpp; sourceTree = "<group>"; };
		AA4087FE14D493A800EB2196 /* SDL_FrameBuf.cpp */ = {isa = PBXFileReference; fileEncoding = 4; lastKnownFileType = sourcecode.cpp.cpp; path = SDL_FrameBuf.cpp; sourceTree = "<group>"; };
		AA4087FF14D493A800EB2196 /* SDL_FrameBuf.h */ = {isa = PBXFileReference; fileEncoding = 4; lastKnownFileType = sourcecode.c.h; path = SDL_FrameBuf.h; sourceTree = "<group>"; };
		AA40880014D493A800EB2196 /* UIArea.cpp */ = {isa = PBXFileReference; fileEncoding = 4; lastKnownFileType = sourcecode.cpp.cpp; path = UIArea.cpp; sourceTree = "<group>"; };
		AA40880114D493A800EB2196 /* UIArea.h */ = {isa = PBXFileReference; fileEncoding = 4; lastKnownFileType = sourcecode.c.h; path = UIArea.h; sourceTree = "<group>"; };
		AA40880214D493A800EB2196 /* UIBaseElement.cpp */ = {isa = PBXFileReference; fileEncoding = 4; lastKnownFileType = sourcecode.cpp.cpp; path = UIBaseElement.cpp; sourceTree = "<group>"; };
		AA40880314D493A800EB2196 /* UIBaseElement.h */ = {isa = PBXFileReference; fileEncoding = 4; lastKnownFileType = sourcecode.c.h; path = UIBaseElement.h; sourceTree = "<group>"; };
		AA40880414D493A800EB2196 /* UIContainer.cpp */ = {isa = PBXFileReference; fileEncoding = 4; lastKnownFileType = sourcecode.cpp.cpp; path = UIContainer.cpp; sourceTree = "<group>"; };
		AA40880514D493A800EB2196 /* UIContainer.h */ = {isa = PBXFileReference; fileEncoding = 4; lastKnownFileType = sourcecode.c.h; path = UIContainer.h; sourceTree = "<group>"; };
		AA40880614D493A800EB2196 /* UIDialog.cpp */ = {isa = PBXFileReference; fileEncoding = 4; lastKnownFileType = sourcecode.cpp.cpp; path = UIDialog.cpp; sourceTree = "<group>"; };
		AA40880714D493A800EB2196 /* UIDialog.h */ = {isa = PBXFileReference; fileEncoding = 4; lastKnownFileType = sourcecode.c.h; path = UIDialog.h; sourceTree = "<group>"; };
		AA40880814D493A800EB2196 /* UIDialogButton.cpp */ = {isa = PBXFileReference; fileEncoding = 4; lastKnownFileType = sourcecode.cpp.cpp; path = UIDialogButton.cpp; sourceTree = "<group>"; };
		AA40880914D493A800EB2196 /* UIDialogButton.h */ = {isa = PBXFileReference; fileEncoding = 4; lastKnownFileType = sourcecode.c.h; path = UIDialogButton.h; sourceTree = "<group>"; };
		AA40880A14D493A800EB2196 /* UIDrawEngine.cpp */ = {isa = PBXFileReference; fileEncoding = 4; lastKnownFileType = sourcecode.cpp.cpp; path = UIDrawEngine.cpp; sourceTree = "<group>"; };
		AA40880B14D493A800EB2196 /* UIDrawEngine.h */ = {isa = PBXFileReference; fileEncoding = 4; lastKnownFileType = sourcecode.c.h; path = UIDrawEngine.h; sourceTree = "<group>"; };
		AA40880C14D493A800EB2196 /* UIElement.cpp */ = {isa = PBXFileReference; fileEncoding = 4; lastKnownFileType = sourcecode.cpp.cpp; path = UIElement.cpp; sourceTree = "<group>"; };
		AA40880D14D493A800EB2196 /* UIElement.h */ = {isa = PBXFileReference; fileEncoding = 4; lastKnownFileType = sourcecode.c.h; path = UIElement.h; sourceTree = "<group>"; };
		AA40880E14D493A800EB2196 /* UIElementButton.cpp */ = {isa = PBXFileReference; fileEncoding = 4; lastKnownFileType = sourcecode.cpp.cpp; path = UIElementButton.cpp; sourceTree = "<group>"; };
		AA40880F14D493A800EB2196 /* UIElementButton.h */ = {isa = PBXFileReference; fileEncoding = 4; lastKnownFileType = sourcecode.c.h; path = UIElementButton.h; sourceTree = "<group>"; };
		AA40881014D493A800EB2196 /* UIElementCheckbox.cpp */ = {isa = PBXFileReference; fileEncoding = 4; lastKnownFileType = sourcecode.cpp.cpp; path = UIElementCheckbox.cpp; sourceTree = "<group>"; };
		AA40881114D493A800EB2196 /* UIElementCheckbox.h */ = {isa = PBXFileReference; fileEncoding = 4; lastKnownFileType = sourcecode.c.h; path = UIElementCheckbox.h; sourceTree = "<group>"; };
		AA40881214D493A800EB2196 /* UIElementEditbox.cpp */ = {isa = PBXFileReference; fileEncoding = 4; lastKnownFileType = sourcecode.cpp.cpp; path = UIElementEditbox.cpp; sourceTree = "<group>"; };
		AA40881314D493A800EB2196 /* UIElementEditbox.h */ = {isa = PBXFileReference; fileEncoding = 4; lastKnownFileType = sourcecode.c.h; path = UIElementEditbox.h; sourceTree = "<group>"; };
		AA40881414D493A800EB2196 /* UIElementRadio.cpp */ = {isa = PBXFileReference; fileEncoding = 4; lastKnownFileType = sourcecode.cpp.cpp; path = UIElementRadio.cpp; sourceTree = "<group>"; };
		AA40881514D493A800EB2196 /* UIElementRadio.h */ = {isa = PBXFileReference; fileEncoding = 4; lastKnownFileType = sourcecode.c.h; path = UIElementRadio.h; sourceTree = "<group>"; };
		AA40881614D493A800EB2196 /* UIFontInterface.h */ = {isa = PBXFileReference; fileEncoding = 4; lastKnownFileType = sourcecode.c.h; path = UIFontInterface.h; sourceTree = "<group>"; };
		AA40881714D493A800EB2196 /* UIManager.cpp */ = {isa = PBXFileReference; fileEncoding = 4; lastKnownFileType = sourcecode.cpp.cpp; path = UIManager.cpp; sourceTree = "<group>"; };
		AA40881814D493A800EB2196 /* UIManager.h */ = {isa = PBXFileReference; fileEncoding = 4; lastKnownFileType = sourcecode.c.h; path = UIManager.h; sourceTree = "<group>"; };
		AA40881914D493A800EB2196 /* UIPanel.cpp */ = {isa = PBXFileReference; fileEncoding = 4; lastKnownFileType = sourcecode.cpp.cpp; path = UIPanel.cpp; sourceTree = "<group>"; };
		AA40881A14D493A800EB2196 /* UIPanel.h */ = {isa = PBXFileReference; fileEncoding = 4; lastKnownFileType = sourcecode.c.h; path = UIPanel.h; sourceTree = "<group>"; };
		AA40881B14D493A800EB2196 /* UISoundInterface.h */ = {isa = PBXFileReference; fileEncoding = 4; lastKnownFileType = sourcecode.c.h; path = UISoundInterface.h; sourceTree = "<group>"; };
		AA40881C14D493A800EB2196 /* UITemplates.cpp */ = {isa = PBXFileReference; fileEncoding = 4; lastKnownFileType = sourcecode.cpp.cpp; path = UITemplates.cpp; sourceTree = "<group>"; };
		AA40881D14D493A800EB2196 /* UITemplates.h */ = {isa = PBXFileReference; fileEncoding = 4; lastKnownFileType = sourcecode.c.h; path = UITemplates.h; sourceTree = "<group>"; };
		AA40881F14D493A800EB2196 /* array.h */ = {isa = PBXFileReference; fileEncoding = 4; lastKnownFileType = sourcecode.c.h; path = array.h; sourceTree = "<group>"; };
		AA40882014D493A800EB2196 /* ErrorBase.h */ = {isa = PBXFileReference; fileEncoding = 4; lastKnownFileType = sourcecode.c.h; path = ErrorBase.h; sourceTree = "<group>"; };
		AA40882114D493A800EB2196 /* hashtable.c */ = {isa = PBXFileReference; fileEncoding = 4; lastKnownFileType = sourcecode.c.c; path = hashtable.c; sourceTree = "<group>"; };
		AA40882214D493A800EB2196 /* hashtable.h */ = {isa = PBXFileReference; fileEncoding = 4; lastKnownFileType = sourcecode.c.h; path = hashtable.h; sourceTree = "<group>"; };
		AA40882514D493A800EB2196 /* physfsrwops.c */ = {isa = PBXFileReference; fileEncoding = 4; lastKnownFileType = sourcecode.c.c; path = physfsrwops.c; sourceTree = "<group>"; };
		AA40882614D493A800EB2196 /* physfsrwops.h */ = {isa = PBXFileReference; fileEncoding = 4; lastKnownFileType = sourcecode.c.h; path = physfsrwops.h; sourceTree = "<group>"; };
		AA40882714D493A800EB2196 /* prefs.cpp */ = {isa = PBXFileReference; fileEncoding = 4; lastKnownFileType = sourcecode.cpp.cpp; path = prefs.cpp; sourceTree = "<group>"; };
		AA40882814D493A800EB2196 /* prefs.h */ = {isa = PBXFileReference; fileEncoding = 4; lastKnownFileType = sourcecode.c.h; path = prefs.h; sourceTree = "<group>"; };
		AA40882914D493A800EB2196 /* rapidxml.h */ = {isa = PBXFileReference; fileEncoding = 4; lastKnownFileType = sourcecode.c.h; path = rapidxml.h; sourceTree = "<group>"; };
		AA40882A14D493A800EB2196 /* rapidxml.hpp */ = {isa = PBXFileReference; fileEncoding = 4; lastKnownFileType = sourcecode.cpp.h; path = rapidxml.hpp; sourceTree = "<group>"; };
		AA4088EB14D4987200EB2196 /* SDL2_net.framework */ = {isa = PBXFileReference; lastKnownFileType = wrapper.framework; name = SDL2_net.framework; path = /Library/Frameworks/SDL2_net.framework; sourceTree = "<absolute>"; };
		AA4088EC14D4987200EB2196 /* SDL2.framework */ = {isa = PBXFileReference; lastKnownFileType = wrapper.framework; name = SDL2.framework; path = /Library/Frameworks/SDL2.framework; sourceTree = "<absolute>"; };
		AA40890514D49FFE00EB2196 /* Maelstrom.icns */ = {isa = PBXFileReference; lastKnownFileType = image.icns; path = Maelstrom.icns; sourceTree = SOURCE_ROOT; };
		AA43902F161EBB5800FE5F41 /* UIImageInterface.h */ = {isa = PBXFileReference; fileEncoding = 4; lastKnownFileType = sourcecode.c.h; path = UIImageInterface.h; sourceTree = "<group>"; };
		AA439030161EBB5800FE5F41 /* UITexture.cpp */ = {isa = PBXFileReference; fileEncoding = 4; lastKnownFileType = sourcecode.cpp.cpp; path = UITexture.cpp; sourceTree = "<group>"; };
		AA439031161EBB5800FE5F41 /* UITexture.h */ = {isa = PBXFileReference; fileEncoding = 4; lastKnownFileType = sourcecode.c.h; path = UITexture.h; sourceTree = "<group>"; };
		AA439035161EBDCA00FE5F41 /* archiver_dir.c */ = {isa = PBXFileReference; fileEncoding = 4; lastKnownFileType = sourcecode.c.c; path = archiver_dir.c; sourceTree = "<group>"; };
		AA439036161EBDCA00FE5F41 /* archiver_zip.c */ = {isa = PBXFileReference; fileEncoding = 4; lastKnownFileType = sourcecode.c.c; path = archiver_zip.c; sourceTree = "<group>"; };
		AA43903A161EBDCA00FE5F41 /* physfs.c */ = {isa = PBXFileReference; fileEncoding = 4; lastKnownFileType = sourcecode.c.c; path = physfs.c; sourceTree = "<group>"; };
		AA43903B161EBDCA00FE5F41 /* physfs.h */ = {isa = PBXFileReference; fileEncoding = 4; lastKnownFileType = sourcecode.c.h; path = physfs.h; sourceTree = "<group>"; };
		AA43903C161EBDCA00FE5F41 /* physfs_byteorder.c */ = {isa = PBXFileReference; fileEncoding = 4; lastKnownFileType = sourcecode.c.c; path = physfs_byteorder.c; sourceTree = "<group>"; };
		AA43903D161EBDCA00FE5F41 /* physfs_casefolding.h */ = {isa = PBXFileReference; fileEncoding = 4; lastKnownFileType = sourcecode.c.h; path = physfs_casefolding.h; sourceTree = "<group>"; };
		AA43903E161EBDCA00FE5F41 /* physfs_internal.h */ = {isa = PBXFileReference; fileEncoding = 4; lastKnownFileType = sourcecode.c.h; path = physfs_internal.h; sourceTree = "<group>"; };
		AA43903F161EBDCA00FE5F41 /* physfs_miniz.h */ = {isa = PBXFileReference; fileEncoding = 4; lastKnownFileType = sourcecode.c.h; path = physfs_miniz.h; sourceTree = "<group>"; };
		AA439040161EBDCA00FE5F41 /* physfs_platforms.h */ = {isa = PBXFileReference; fileEncoding = 4; lastKnownFileType = sourcecode.c.h; path = physfs_platforms.h; sourceTree = "<group>"; };
		AA439041161EBDCA00FE5F41 /* physfs_unicode.c */ = {isa = PBXFileReference; fileEncoding = 4; lastKnownFileType = sourcecode.c.c; path = physfs_unicode.c; sourceTree = "<group>"; };
		AA439042161EBDCA00FE5F41 /* platform_beos.cpp */ = {isa = PBXFileReference; fileEncoding = 4; lastKnownFileType = sourcecode.cpp.cpp; path = platform_beos.cpp; sourceTree = "<group>"; };
		AA439043161EBDCA00FE5F41 /* platform_macosx.c */ = {isa = PBXFileReference; fileEncoding = 4; lastKnownFileType = sourcecode.c.c; path = platform_macosx.c; sourceTree = "<group>"; };
		AA439044161EBDCA00FE5F41 /* platform_posix.c */ = {isa = PBXFileReference; fileEncoding = 4; lastKnownFileType = sourcecode.c.c; path = platform_posix.c; sourceTree = "<group>"; };
		AA439045161EBDCA00FE5F41 /* platform_unix.c */ = {isa = PBXFileReference; fileEncoding = 4; lastKnownFileType = sourcecode.c.c; path = platform_unix.c; sourceTree = "<group>"; };
		AA439046161EBDCA00FE5F41 /* platform_windows.c */ = {isa = PBXFileReference; fileEncoding = 4; lastKnownFileType = sourcecode.c.c; path = platform_windows.c; sourceTree = "<group>"; };
		AA439074161EC0A100FE5F41 /* CoreFoundation.framework */ = {isa = PBXFileReference; lastKnownFileType = wrapper.framework; name = CoreFoundation.framework; path = System/Library/Frameworks/CoreFoundation.framework; sourceTree = SDKROOT; };
		AA439076161ED5AC00FE5F41 /* MaelstromFeatures.cpp */ = {isa = PBXFileReference; fileEncoding = 4; lastKnownFileType = sourcecode.cpp.cpp; path = MaelstromFeatures.cpp; sourceTree = "<group>"; };
		AA439077161ED5AC00FE5F41 /* MaelstromFeatures.h */ = {isa = PBXFileReference; fileEncoding = 4; lastKnownFileType = sourcecode.c.h; path = MaelstromFeatures.h; sourceTree = "<group>"; };
		AA4390801620E38800FE5F41 /* UIElementThumbstick.cpp */ = {isa = PBXFileReference; fileEncoding = 4; lastKnownFileType = sourcecode.cpp.cpp; path = UIElementThumbstick.cpp; sourceTree = "<group>"; };
		AA4390811620E38800FE5F41 /* UIElementThumbstick.h */ = {isa = PBXFileReference; fileEncoding = 4; lastKnownFileType = sourcecode.c.h; path = UIElementThumbstick.h; sourceTree = "<group>"; };
		AA8B18F1161C0B59005318A4 /* SDL2_image.framework */ = {isa = PBXFileReference; lastKnownFileType = wrapper.framework; name = SDL2_image.framework; path = /Library/Frameworks/SDL2_image.framework; sourceTree = "<absolute>"; };
		AA8B18FA161C1134005318A4 /* continue.cpp */ = {isa = PBXFileReference; fileEncoding = 4; lastKnownFileType = sourcecode.cpp.cpp; path = continue.cpp; sourceTree = "<group>"; };
		AA8B18FB161C1134005318A4 /* continue.h */ = {isa = PBXFileReference; fileEncoding = 4; lastKnownFileType = sourcecode.c.h; path = continue.h; sourceTree = "<group>"; };
		AA8B18FE161C1134005318A4 /* gameover.cpp */ = {isa = PBXFileReference; fileEncoding = 4; lastKnownFileType = sourcecode.cpp.cpp; path = gameover.cpp; sourceTree = "<group>"; };
		AA8B18FF161C1134005318A4 /* gameover.h */ = {isa = PBXFileReference; fileEncoding = 4; lastKnownFileType = sourcecode.c.h; path = gameover.h; sourceTree = "<group>"; };
		AA8B1903161C1188005318A4 /* loadxml.cpp */ = {isa = PBXFileReference; fileEncoding = 4; lastKnownFileType = sourcecode.cpp.cpp; path = loadxml.cpp; sourceTree = "<group>"; };
		AA8B1904161C1188005318A4 /* loadxml.h */ = {isa = PBXFileReference; fileEncoding = 4; lastKnownFileType = sourcecode.c.h; path = loadxml.h; sourceTree = "<group>"; };
		AA8B191A161C343E005318A4 /* Package */ = {isa = PBXFileReference; explicitFileType = "compiled.mach-o.executable"; includeInIndex = 0; path = Package; sourceTree = BUILT_PRODUCTS_DIR; };
		AA93530D164399C400B7B41B /* SDL2_ttf.framework */ = {isa = PBXFileReference; lastKnownFileType = wrapper.framework; name = SDL2_ttf.framework; path = /Library/Frameworks/SDL2_ttf.framework; sourceTree = "<absolute>"; };
		AAAA999E162FE466008140E1 /* Maelstrom_Data.zip */ = {isa = PBXFileReference; lastKnownFileType = archive.zip; name = Maelstrom_Data.zip; path = ../Maelstrom_Data.zip; sourceTree = SOURCE_ROOT; };
		AAC2576A1647AA6700F5FB43 /* files.c */ = {isa = PBXFileReference; fileEncoding = 4; lastKnownFileType = sourcecode.c.c; path = files.c; sourceTree = "<group>"; };
		AAC2576B1647AA6700F5FB43 /* files.h */ = {isa = PBXFileReference; fileEncoding = 4; lastKnownFileType = sourcecode.c.h; path = files.h; sourceTree = "<group>"; };
/* End PBXFileReference section */

/* Begin PBXFrameworksBuildPhase section */
		AA4086E714D490F000EB2196 /* Frameworks */ = {
			isa = PBXFrameworksBuildPhase;
			buildActionMask = 2147483647;
			files = (
				AA439075161EC0A100FE5F41 /* CoreFoundation.framework in Frameworks */,
				AA4088EE14D4987200EB2196 /* SDL2.framework in Frameworks */,
				AA8B18F2161C0B59005318A4 /* SDL2_image.framework in Frameworks */,
				AA93530E164399C400B7B41B /* SDL2_ttf.framework in Frameworks */,
				AA4088ED14D4987200EB2196 /* SDL2_net.framework in Frameworks */,
			);
			runOnlyForDeploymentPostprocessing = 0;
		};
/* End PBXFrameworksBuildPhase section */

/* Begin PBXGroup section */
		AA4086DF14D490F000EB2196 = {
			isa = PBXGroup;
			children = (
				AA4086F414D490F000EB2196 /* Maelstrom */,
				AA4086ED14D490F000EB2196 /* Frameworks */,
				AA4086EB14D490F000EB2196 /* Products */,
			);
			sourceTree = "<group>";
		};
		AA4086EB14D490F000EB2196 /* Products */ = {
			isa = PBXGroup;
			children = (
				AA4086EA14D490F000EB2196 /* Maelstrom.app */,
				AA8B191A161C343E005318A4 /* Package */,
			);
			name = Products;
			sourceTree = "<group>";
		};
		AA4086ED14D490F000EB2196 /* Frameworks */ = {
			isa = PBXGroup;
			children = (
				AA439074161EC0A100FE5F41 /* CoreFoundation.framework */,
				AA4088EC14D4987200EB2196 /* SDL2.framework */,
				AA8B18F1161C0B59005318A4 /* SDL2_image.framework */,
				AA93530D164399C400B7B41B /* SDL2_ttf.framework */,
				AA4088EB14D4987200EB2196 /* SDL2_net.framework */,
			);
			name = Frameworks;
			sourceTree = "<group>";
		};
		AA4086F414D490F000EB2196 /* Maelstrom */ = {
			isa = PBXGroup;
			children = (
				AA40871414D492D900EB2196 /* Source Files */,
				AA4086F514D490F000EB2196 /* Resource Files */,
			);
			path = Maelstrom;
			sourceTree = "<group>";
		};
		AA4086F514D490F000EB2196 /* Resource Files */ = {
			isa = PBXGroup;
			children = (
				AAAA999E162FE466008140E1 /* Maelstrom_Data.zip */,
				AA40890514D49FFE00EB2196 /* Maelstrom.icns */,
				AA4086F714D490F000EB2196 /* InfoPlist.strings */,
				AA4086F614D490F000EB2196 /* Maelstrom-Info.plist */,
			);
			name = "Resource Files";
			sourceTree = "<group>";
		};
		AA40871414D492D900EB2196 /* Source Files */ = {
			isa = PBXGroup;
			children = (
				AA4087F814D493A800EB2196 /* mainstub.cpp */,
				AA4087BB14D493A800EB2196 /* game */,
				AA4087ED14D493A800EB2196 /* maclib */,
				AA439034161EBDCA00FE5F41 /* physfs */,
				AA4087F914D493A800EB2196 /* screenlib */,
				AA40881E14D493A800EB2196 /* utils */,
			);
			name = "Source Files";
			sourceTree = SOURCE_ROOT;
		};
		AA4087BB14D493A800EB2196 /* game */ = {
			isa = PBXGroup;
			children = (
				AA4087BC14D493A800EB2196 /* about.cpp */,
				AA4087BD14D493A800EB2196 /* about.h */,
				AA4087BE14D493A800EB2196 /* colortable.h */,
				AA8B18FA161C1134005318A4 /* continue.cpp */,
				AA8B18FB161C1134005318A4 /* continue.h */,
				AA4087BF14D493A800EB2196 /* controls.cpp */,
				AA4087C014D493A800EB2196 /* controls.h */,
				AA4087C114D493A800EB2196 /* fastrand.cpp */,
				AA4087C214D493A800EB2196 /* fastrand.h */,
				AA4087C314D493A800EB2196 /* game.cpp */,
				AA4087C414D493A800EB2196 /* game.h */,
				AA4087C514D493A800EB2196 /* gameinfo.cpp */,
				AA4087C614D493A800EB2196 /* gameinfo.h */,
				AA8B18FE161C1134005318A4 /* gameover.cpp */,
				AA8B18FF161C1134005318A4 /* gameover.h */,
				AA4087C714D493A800EB2196 /* init.cpp */,
				AA4087C814D493A800EB2196 /* init.h */,
				AA4087C914D493A800EB2196 /* load.cpp */,
				AA4087CA14D493A800EB2196 /* load.h */,
				AA4087CB14D493A800EB2196 /* lobby.cpp */,
				AA4087CC14D493A800EB2196 /* lobby.h */,
				AA4087CD14D493A800EB2196 /* MacDialog.cpp */,
				AA4087CE14D493A800EB2196 /* MacDialog.h */,
				AA4087CF14D493A800EB2196 /* Maelstrom.h */,
				AA4087D014D493A800EB2196 /* Maelstrom_Globals.h */,
				AA439076161ED5AC00FE5F41 /* MaelstromFeatures.cpp */,
				AA439077161ED5AC00FE5F41 /* MaelstromFeatures.h */,
				AA4087D114D493A800EB2196 /* MaelstromUI.cpp */,
				AA4087D214D493A800EB2196 /* MaelstromUI.h */,
				AA4087D314D493A800EB2196 /* main.cpp */,
				AA4087D414D493A800EB2196 /* main.h */,
				AA4087D514D493A800EB2196 /* make.cpp */,
				AA4087D614D493A800EB2196 /* make.h */,
				AA4087D914D493A800EB2196 /* myerror.cpp */,
				AA4087DA14D493A800EB2196 /* myerror.h */,
				AA4087DB14D493A800EB2196 /* netplay.cpp */,
				AA4087DC14D493A800EB2196 /* netplay.h */,
				AA4087DD14D493A800EB2196 /* object.cpp */,
				AA4087DE14D493A800EB2196 /* object.h */,
				AA4087DF14D493A800EB2196 /* objects.cpp */,
				AA4087E014D493A800EB2196 /* objects.h */,
				AA4087E214D493A800EB2196 /* packet.h */,
				AA4087E314D493A800EB2196 /* player.cpp */,
				AA4087E414D493A800EB2196 /* player.h */,
				AA4087E514D493A800EB2196 /* protocol.h */,
				AA4087E614D493A800EB2196 /* rect.cpp */,
				AA4087E714D493A800EB2196 /* rect.h */,
				AA4087E814D493A800EB2196 /* replay.cpp */,
				AA4087E914D493A800EB2196 /* replay.h */,
				AA4087EA14D493A800EB2196 /* scores.cpp */,
				AA4087EB14D493A800EB2196 /* scores.h */,
				AA4087EC14D493A800EB2196 /* shinobi.h */,
			);
			name = game;
			path = ../game;
			sourceTree = "<group>";
		};
		AA4087ED14D493A800EB2196 /* maclib */ = {
			isa = PBXGroup;
			children = (
				AA4087EE14D493A800EB2196 /* bitesex.h */,
				AA4087F014D493A800EB2196 /* Mac_Compat.h */,
				AA4087F114D493A800EB2196 /* Mac_FontServ.cpp */,
				AA4087F214D493A800EB2196 /* Mac_FontServ.h */,
				AA4087F314D493A800EB2196 /* Mac_Sound.cpp */,
				AA4087F414D493A800EB2196 /* Mac_Sound.h */,
			);
			name = maclib;
			path = ../maclib;
			sourceTree = "<group>";
		};
		AA4087F914D493A800EB2196 /* screenlib */ = {
			isa = PBXGroup;
			children = (
				AA4087FE14D493A800EB2196 /* SDL_FrameBuf.cpp */,
				AA4087FF14D493A800EB2196 /* SDL_FrameBuf.h */,
				AA40880014D493A800EB2196 /* UIArea.cpp */,
				AA40880114D493A800EB2196 /* UIArea.h */,
				AA40880214D493A800EB2196 /* UIBaseElement.cpp */,
				AA40880314D493A800EB2196 /* UIBaseElement.h */,
				AA40880414D493A800EB2196 /* UIContainer.cpp */,
				AA40880514D493A800EB2196 /* UIContainer.h */,
				AA40880614D493A800EB2196 /* UIDialog.cpp */,
				AA40880714D493A800EB2196 /* UIDialog.h */,
				AA40880814D493A800EB2196 /* UIDialogButton.cpp */,
				AA40880914D493A800EB2196 /* UIDialogButton.h */,
				AA40880A14D493A800EB2196 /* UIDrawEngine.cpp */,
				AA40880B14D493A800EB2196 /* UIDrawEngine.h */,
				AA40880C14D493A800EB2196 /* UIElement.cpp */,
				AA40880D14D493A800EB2196 /* UIElement.h */,
				AA40880E14D493A800EB2196 /* UIElementButton.cpp */,
				AA40880F14D493A800EB2196 /* UIElementButton.h */,
				AA40881014D493A800EB2196 /* UIElementCheckbox.cpp */,
				AA40881114D493A800EB2196 /* UIElementCheckbox.h */,
				AA40881214D493A800EB2196 /* UIElementEditbox.cpp */,
				AA40881314D493A800EB2196 /* UIElementEditbox.h */,
				AA40881414D493A800EB2196 /* UIElementRadio.cpp */,
				AA40881514D493A800EB2196 /* UIElementRadio.h */,
				AA4390801620E38800FE5F41 /* UIElementThumbstick.cpp */,
				AA4390811620E38800FE5F41 /* UIElementThumbstick.h */,
				AA40881614D493A800EB2196 /* UIFontInterface.h */,
				AA43902F161EBB5800FE5F41 /* UIImageInterface.h */,
				AA40881714D493A800EB2196 /* UIManager.cpp */,
				AA40881814D493A800EB2196 /* UIManager.h */,
				AA40881914D493A800EB2196 /* UIPanel.cpp */,
				AA40881A14D493A800EB2196 /* UIPanel.h */,
				AA40881B14D493A800EB2196 /* UISoundInterface.h */,
				AA40881C14D493A800EB2196 /* UITemplates.cpp */,
				AA40881D14D493A800EB2196 /* UITemplates.h */,
				AA439030161EBB5800FE5F41 /* UITexture.cpp */,
				AA439031161EBB5800FE5F41 /* UITexture.h */,
			);
			name = screenlib;
			path = ../screenlib;
			sourceTree = "<group>";
		};
		AA40881E14D493A800EB2196 /* utils */ = {
			isa = PBXGroup;
			children = (
				AA40881F14D493A800EB2196 /* array.h */,
				AA40882014D493A800EB2196 /* ErrorBase.h */,
				AAC2576A1647AA6700F5FB43 /* files.c */,
				AAC2576B1647AA6700F5FB43 /* files.h */,
				AA40882114D493A800EB2196 /* hashtable.c */,
				AA40882214D493A800EB2196 /* hashtable.h */,
				AA8B1903161C1188005318A4 /* loadxml.cpp */,
				AA8B1904161C1188005318A4 /* loadxml.h */,
				AA40882514D493A800EB2196 /* physfsrwops.c */,
				AA40882614D493A800EB2196 /* physfsrwops.h */,
				AA40882714D493A800EB2196 /* prefs.cpp */,
				AA40882814D493A800EB2196 /* prefs.h */,
				AA40882914D493A800EB2196 /* rapidxml.h */,
				AA40882A14D493A800EB2196 /* rapidxml.hpp */,
			);
			name = utils;
			path = ../utils;
			sourceTree = "<group>";
		};
		AA439034161EBDCA00FE5F41 /* physfs */ = {
			isa = PBXGroup;
			children = (
				AA439035161EBDCA00FE5F41 /* archiver_dir.c */,
				AA439036161EBDCA00FE5F41 /* archiver_zip.c */,
				AA43903A161EBDCA00FE5F41 /* physfs.c */,
				AA43903B161EBDCA00FE5F41 /* physfs.h */,
				AA43903C161EBDCA00FE5F41 /* physfs_byteorder.c */,
				AA43903D161EBDCA00FE5F41 /* physfs_casefolding.h */,
				AA43903E161EBDCA00FE5F41 /* physfs_internal.h */,
				AA43903F161EBDCA00FE5F41 /* physfs_miniz.h */,
				AA439040161EBDCA00FE5F41 /* physfs_platforms.h */,
				AA439041161EBDCA00FE5F41 /* physfs_unicode.c */,
				AA439042161EBDCA00FE5F41 /* platform_beos.cpp */,
				AA439043161EBDCA00FE5F41 /* platform_macosx.c */,
				AA439044161EBDCA00FE5F41 /* platform_posix.c */,
				AA439045161EBDCA00FE5F41 /* platform_unix.c */,
				AA439046161EBDCA00FE5F41 /* platform_windows.c */,
			);
			name = physfs;
			path = ../physfs;
			sourceTree = "<group>";
		};
/* End PBXGroup section */

/* Begin PBXNativeTarget section */
		AA4086E914D490F000EB2196 /* Maelstrom */ = {
			isa = PBXNativeTarget;
			buildConfigurationList = AA40870814D490F100EB2196 /* Build configuration list for PBXNativeTarget "Maelstrom" */;
			buildPhases = (
				AA4086E614D490F000EB2196 /* Sources */,
				AA4086E714D490F000EB2196 /* Frameworks */,
				AA43907C162020D000FE5F41 /* Build Data Archive */,
				AA4086E814D490F000EB2196 /* Resources */,
				AA4088E414D497FC00EB2196 /* Copy Frameworks */,
			);
			buildRules = (
			);
			dependencies = (
			);
			name = Maelstrom;
			productName = Maelstrom;
			productReference = AA4086EA14D490F000EB2196 /* Maelstrom.app */;
			productType = "com.apple.product-type.application";
		};
		AA8B1919161C343E005318A4 /* Package */ = {
			isa = PBXNativeTarget;
			buildConfigurationList = AA8B1921161C343E005318A4 /* Build configuration list for PBXNativeTarget "Package" */;
			buildPhases = (
				AA8B1926161C347B005318A4 /* ShellScript */,
			);
			buildRules = (
			);
			dependencies = (
				AA8B1925161C3451005318A4 /* PBXTargetDependency */,
			);
			name = Package;
			productName = Package;
			productReference = AA8B191A161C343E005318A4 /* Package */;
			productType = "com.apple.product-type.tool";
		};
/* End PBXNativeTarget section */

/* Begin PBXProject section */
		AA4086E114D490F000EB2196 /* Project object */ = {
			isa = PBXProject;
			attributes = {
				LastUpgradeCheck = 0420;
			};
			buildConfigurationList = AA4086E414D490F000EB2196 /* Build configuration list for PBXProject "Maelstrom" */;
			compatibilityVersion = "Xcode 3.2";
			developmentRegion = English;
			hasScannedForEncodings = 0;
			knownRegions = (
				en,
			);
			mainGroup = AA4086DF14D490F000EB2196;
			productRefGroup = AA4086EB14D490F000EB2196 /* Products */;
			projectDirPath = "";
			projectRoot = "";
			targets = (
				AA4086E914D490F000EB2196 /* Maelstrom */,
				AA8B1919161C343E005318A4 /* Package */,
			);
		};
/* End PBXProject section */

/* Begin PBXResourcesBuildPhase section */
		AA4086E814D490F000EB2196 /* Resources */ = {
			isa = PBXResourcesBuildPhase;
			buildActionMask = 2147483647;
			files = (
				AA4086F914D490F000EB2196 /* InfoPlist.strings in Resources */,
				AA40890614D49FFE00EB2196 /* Maelstrom.icns in Resources */,
				AAAA999F162FE466008140E1 /* Maelstrom_Data.zip in Resources */,
			);
			runOnlyForDeploymentPostprocessing = 0;
		};
/* End PBXResourcesBuildPhase section */

/* Begin PBXShellScriptBuildPhase section */
		AA43907C162020D000FE5F41 /* Build Data Archive */ = {
			isa = PBXShellScriptBuildPhase;
			buildActionMask = 2147483647;
			files = (
			);
			inputPaths = (
				"$(SRCROOT)/../Data",
			);
			name = "Build Data Archive";
			outputPaths = (
				"$(SRCROOT/../Maelstrom_Data.zip",
			);
			runOnlyForDeploymentPostprocessing = 0;
			shellPath = /bin/sh;
			shellScript = "DATA=Maelstrom_Data.zip\ncd $SRCROOT/../Data\n(find . -type f | fgrep -v .svn | zip -r ../$DATA.new -@) || exit 1\ncd ..\nmv $DATA.new ../$DATA";
		};
		AA8B1926161C347B005318A4 /* ShellScript */ = {
			isa = PBXShellScriptBuildPhase;
			buildActionMask = 2147483647;
			files = (
			);
			inputPaths = (
			);
			outputPaths = (
			);
			runOnlyForDeploymentPostprocessing = 0;
			shellPath = /bin/sh;
			shellScript = "TMP=build/dmg-tmp\nrm -rf $TMP\nmkdir -p $TMP\n\n# Copy the files and set up the disk image directory\n`xcode-select -print-path`/Tools/CpMac -r $TARGET_BUILD_DIR/Maelstrom.app $TMP/\nln -s /Applications $TMP/Applications\nmkdir $TMP/background\n`xcode-select -print-path`/Tools/SetFile -a V $TMP/background\ncp pkg-support/dmg.png $TMP/background\ncp pkg-support/Maelstrom_DS_Store $TMP/.DS_Store\n\n# create the dmg\nhdiutil create -volname Maelstrom -fs HFS+ -srcfolder $TMP -format UDRW build/Maelstrom.RW.dmg\n\n# Make it auto-open\n#if [ -e /Volumes/Maelstrom ]; then\n#    hdiutil detach /Volumes/Maelstrom\n#fi\n#if [ ! -e /Volumes/Maelstrom ]; then\n#    hdiutil attach build/Maelstrom.RW.dmg\n#    bless -folder /Volumes/Maelstrom -openfolder /Volumes/Maelstrom\n#    hdiutil detach /Volumes/Maelstrom\n#fi\n\n# Convert to compressed read-only image\nrm -f build/Maelstrom.dmg\nhdiutil convert build/Maelstrom.RW.dmg -format UDZO -imagekey zlib-level=9 -o build/Maelstrom.dmg\nrm build/Maelstrom.RW.dmg\n\n# clean up\nrm -rf $TMP";
		};
/* End PBXShellScriptBuildPhase section */

/* Begin PBXSourcesBuildPhase section */
		AA4086E614D490F000EB2196 /* Sources */ = {
			isa = PBXSourcesBuildPhase;
			buildActionMask = 2147483647;
			files = (
				AA40882B14D493A800EB2196 /* about.cpp in Sources */,
				AA40882C14D493A800EB2196 /* controls.cpp in Sources */,
				AA40882D14D493A800EB2196 /* fastrand.cpp in Sources */,
				AA40882E14D493A800EB2196 /* game.cpp in Sources */,
				AA40882F14D493A800EB2196 /* gameinfo.cpp in Sources */,
				AA40883014D493A800EB2196 /* init.cpp in Sources */,
				AA40883114D493A800EB2196 /* load.cpp in Sources */,
				AA40883214D493A800EB2196 /* lobby.cpp in Sources */,
				AA40883314D493A800EB2196 /* MacDialog.cpp in Sources */,
				AA40883414D493A800EB2196 /* MaelstromUI.cpp in Sources */,
				AA40883514D493A800EB2196 /* main.cpp in Sources */,
				AA40883614D493A800EB2196 /* make.cpp in Sources */,
				AA40883914D493A800EB2196 /* myerror.cpp in Sources */,
				AA40883A14D493A800EB2196 /* netplay.cpp in Sources */,
				AA40883B14D493A800EB2196 /* object.cpp in Sources */,
				AA40883C14D493A800EB2196 /* objects.cpp in Sources */,
				AA40883E14D493A800EB2196 /* player.cpp in Sources */,
				AA40883F14D493A800EB2196 /* rect.cpp in Sources */,
				AA40884014D493A800EB2196 /* replay.cpp in Sources */,
				AA40884114D493A800EB2196 /* scores.cpp in Sources */,
				AA40884314D493A800EB2196 /* Mac_FontServ.cpp in Sources */,
				AA40884414D493A800EB2196 /* Mac_Sound.cpp in Sources */,
				AA40884814D493A800EB2196 /* mainstub.cpp in Sources */,
				AA40884D14D493A800EB2196 /* SDL_FrameBuf.cpp in Sources */,
				AA40884E14D493A800EB2196 /* UIArea.cpp in Sources */,
				AA40884F14D493A800EB2196 /* UIBaseElement.cpp in Sources */,
				AA40885014D493A800EB2196 /* UIContainer.cpp in Sources */,
				AA40885114D493A800EB2196 /* UIDialog.cpp in Sources */,
				AA40885214D493A800EB2196 /* UIDialogButton.cpp in Sources */,
				AA40885314D493A800EB2196 /* UIDrawEngine.cpp in Sources */,
				AA40885414D493A800EB2196 /* UIElement.cpp in Sources */,
				AA40885514D493A800EB2196 /* UIElementButton.cpp in Sources */,
				AA40885614D493A800EB2196 /* UIElementCheckbox.cpp in Sources */,
				AA40885714D493A800EB2196 /* UIElementEditbox.cpp in Sources */,
				AA40885814D493A800EB2196 /* UIElementRadio.cpp in Sources */,
				AA40885914D493A800EB2196 /* UIManager.cpp in Sources */,
				AA40885A14D493A800EB2196 /* UIPanel.cpp in Sources */,
				AA40885B14D493A800EB2196 /* UITemplates.cpp in Sources */,
				AA40885C14D493A800EB2196 /* hashtable.c in Sources */,
				AA40885F14D493A800EB2196 /* physfsrwops.c in Sources */,
				AA40886014D493A800EB2196 /* prefs.cpp in Sources */,
				AA8B1900161C1134005318A4 /* continue.cpp in Sources */,
				AA8B1902161C1134005318A4 /* gameover.cpp in Sources */,
				AA8B1905161C1188005318A4 /* loadxml.cpp in Sources */,
				AA439032161EBB5800FE5F41 /* UITexture.cpp in Sources */,
				AA439047161EBDCA00FE5F41 /* archiver_dir.c in Sources */,
				AA439048161EBDCA00FE5F41 /* archiver_zip.c in Sources */,
				AA43904C161EBDCA00FE5F41 /* physfs.c in Sources */,
				AA43904D161EBDCA00FE5F41 /* physfs_byteorder.c in Sources */,
				AA43904E161EBDCA00FE5F41 /* physfs_unicode.c in Sources */,
				AA43904F161EBDCA00FE5F41 /* platform_beos.cpp in Sources */,
				AA439050161EBDCA00FE5F41 /* platform_macosx.c in Sources */,
				AA439051161EBDCA00FE5F41 /* platform_posix.c in Sources */,
				AA439052161EBDCA00FE5F41 /* platform_unix.c in Sources */,
				AA439053161EBDCA00FE5F41 /* platform_windows.c in Sources */,
				AA439078161ED5AC00FE5F41 /* MaelstromFeatures.cpp in Sources */,
				AA4390821620E38800FE5F41 /* UIElementThumbstick.cpp in Sources */,
				AAC2576C1647AA6700F5FB43 /* files.c in Sources */,
			);
			runOnlyForDeploymentPostprocessing = 0;
		};
/* End PBXSourcesBuildPhase section */

/* Begin PBXTargetDependency section */
		AA8B1925161C3451005318A4 /* PBXTargetDependency */ = {
			isa = PBXTargetDependency;
			target = AA4086E914D490F000EB2196 /* Maelstrom */;
			targetProxy = AA8B1924161C3451005318A4 /* PBXContainerItemProxy */;
		};
/* End PBXTargetDependency section */

/* Begin PBXVariantGroup section */
		AA4086F714D490F000EB2196 /* InfoPlist.strings */ = {
			isa = PBXVariantGroup;
			children = (
				AA4086F814D490F000EB2196 /* en */,
			);
			name = InfoPlist.strings;
			sourceTree = SOURCE_ROOT;
		};
/* End PBXVariantGroup section */

/* Begin XCBuildConfiguration section */
		AA40870614D490F100EB2196 /* Debug */ = {
			isa = XCBuildConfiguration;
			buildSettings = {
				ARCHS = "$(ARCHS_STANDARD_64_BIT)";
				COPY_PHASE_STRIP = NO;
				FRAMEWORK_SEARCH_PATHS = $FRAMEWORK_SEARCH_PATHS_QUOTED;
				FRAMEWORK_SEARCH_PATHS_QUOTED = "\"/Library/Frameworks\"";
				HEADER_SEARCH_PATHS = (
					$HEADER_SEARCH_PATHS_QUOTED,
					/Library/Frameworks/SDL2.framework/Headers,
					/Library/Frameworks/SDL2_image.framework/Headers,
					/Library/Frameworks/SDL2_net.framework/Headers,
				);
				HEADER_SEARCH_PATHS_QUOTED = "";
				MACOSX_DEPLOYMENT_TARGET = 10.5;
				OTHER_LDFLAGS = "-lz";
				SDKROOT = macosx;
			};
			name = Debug;
		};
		AA40870714D490F100EB2196 /* Release */ = {
			isa = XCBuildConfiguration;
			buildSettings = {
				ARCHS = "$(ARCHS_STANDARD_64_BIT)";
				COPY_PHASE_STRIP = YES;
				FRAMEWORK_SEARCH_PATHS = $FRAMEWORK_SEARCH_PATHS_QUOTED;
				FRAMEWORK_SEARCH_PATHS_QUOTED = "\"/Library/Frameworks\"";
				HEADER_SEARCH_PATHS = (
					$HEADER_SEARCH_PATHS_QUOTED,
					/Library/Frameworks/SDL2.framework/Headers,
					/Library/Frameworks/SDL2_image.framework/Headers,
					/Library/Frameworks/SDL2_net.framework/Headers,
				);
				HEADER_SEARCH_PATHS_QUOTED = "";
				MACOSX_DEPLOYMENT_TARGET = 10.5;
				OTHER_LDFLAGS = "-lz";
				SDKROOT = macosx;
			};
			name = Release;
		};
		AA40870914D490F100EB2196 /* Debug */ = {
			isa = XCBuildConfiguration;
			buildSettings = {
				ARCHS = "$(ARCHS_STANDARD_32_64_BIT)";
				GCC_PREPROCESSOR_DEFINITIONS = PHYSFS_NO_CDROM_SUPPORT;
				HEADER_SEARCH_PATHS = (
					$HEADER_SEARCH_PATHS_QUOTED,
					/Library/Frameworks/SDL2.framework/Headers,
					/Library/Frameworks/SDL2_image.framework/Headers,
					/Library/Frameworks/SDL2_ttf.framework/Headers,
					/Library/Frameworks/SDL2_net.framework/Headers,
				);
				INFOPLIST_FILE = "Maelstrom-Info.plist";
				LD_RUNPATH_SEARCH_PATHS = "@loader_path/../Frameworks";
				PRODUCT_NAME = "$(TARGET_NAME)";
				WRAPPER_EXTENSION = app;
			};
			name = Debug;
		};
		AA40870A14D490F100EB2196 /* Release */ = {
			isa = XCBuildConfiguration;
			buildSettings = {
				ARCHS = "$(ARCHS_STANDARD_32_64_BIT)";
				GCC_PREPROCESSOR_DEFINITIONS = PHYSFS_NO_CDROM_SUPPORT;
				HEADER_SEARCH_PATHS = (
					$HEADER_SEARCH_PATHS_QUOTED,
					/Library/Frameworks/SDL2.framework/Headers,
					/Library/Frameworks/SDL2_image.framework/Headers,
					/Library/Frameworks/SDL2_ttf.framework/Headers,
					/Library/Frameworks/SDL2_net.framework/Headers,
				);
				INFOPLIST_FILE = "Maelstrom-Info.plist";
				LD_RUNPATH_SEARCH_PATHS = "@loader_path/../Frameworks";
				PRODUCT_NAME = "$(TARGET_NAME)";
				WRAPPER_EXTENSION = app;
			};
			name = Release;
		};
		AA8B1922161C343E005318A4 /* Debug */ = {
			isa = XCBuildConfiguration;
			buildSettings = {
				ALWAYS_SEARCH_USER_PATHS = NO;
				CLANG_CXX_LANGUAGE_STANDARD = "gnu++0x";
				CLANG_CXX_LIBRARY = "libc++";
				CLANG_WARN_EMPTY_BODY = YES;
				CLANG_WARN__DUPLICATE_METHOD_MATCH = YES;
				GCC_C_LANGUAGE_STANDARD = gnu99;
				GCC_DYNAMIC_NO_PIC = NO;
				GCC_ENABLE_OBJC_EXCEPTIONS = YES;
				GCC_OPTIMIZATION_LEVEL = 0;
				GCC_PREPROCESSOR_DEFINITIONS = (
					"DEBUG=1",
					"$(inherited)",
				);
				GCC_SYMBOLS_PRIVATE_EXTERN = NO;
				GCC_WARN_64_TO_32_BIT_CONVERSION = YES;
				GCC_WARN_ABOUT_RETURN_TYPE = YES;
				GCC_WARN_UNINITIALIZED_AUTOS = YES;
				GCC_WARN_UNUSED_VARIABLE = YES;
				MACOSX_DEPLOYMENT_TARGET = 10.8;
				ONLY_ACTIVE_ARCH = YES;
				PRODUCT_NAME = "$(TARGET_NAME)";
			};
			name = Debug;
		};
		AA8B1923161C343E005318A4 /* Release */ = {
			isa = XCBuildConfiguration;
			buildSettings = {
				ALWAYS_SEARCH_USER_PATHS = NO;
				CLANG_CXX_LANGUAGE_STANDARD = "gnu++0x";
				CLANG_CXX_LIBRARY = "libc++";
				CLANG_WARN_EMPTY_BODY = YES;
				CLANG_WARN__DUPLICATE_METHOD_MATCH = YES;
				DEBUG_INFORMATION_FORMAT = "dwarf-with-dsym";
				GCC_C_LANGUAGE_STANDARD = gnu99;
				GCC_ENABLE_OBJC_EXCEPTIONS = YES;
				GCC_WARN_64_TO_32_BIT_CONVERSION = YES;
				GCC_WARN_ABOUT_RETURN_TYPE = YES;
				GCC_WARN_UNINITIALIZED_AUTOS = YES;
				GCC_WARN_UNUSED_VARIABLE = YES;
				MACOSX_DEPLOYMENT_TARGET = 10.8;
				PRODUCT_NAME = "$(TARGET_NAME)";
			};
			name = Release;
		};
/* End XCBuildConfiguration section */

/* Begin XCConfigurationList section */
		AA4086E414D490F000EB2196 /* Build configuration list for PBXProject "Maelstrom" */ = {
			isa = XCConfigurationList;
			buildConfigurations = (
				AA40870614D490F100EB2196 /* Debug */,
				AA40870714D490F100EB2196 /* Release */,
			);
			defaultConfigurationIsVisible = 0;
			defaultConfigurationName = Release;
		};
		AA40870814D490F100EB2196 /* Build configuration list for PBXNativeTarget "Maelstrom" */ = {
			isa = XCConfigurationList;
			buildConfigurations = (
				AA40870914D490F100EB2196 /* Debug */,
				AA40870A14D490F100EB2196 /* Release */,
			);
			defaultConfigurationIsVisible = 0;
			defaultConfigurationName = Release;
		};
		AA8B1921161C343E005318A4 /* Build configuration list for PBXNativeTarget "Package" */ = {
			isa = XCConfigurationList;
			buildConfigurations = (
				AA8B1922161C343E005318A4 /* Debug */,
				AA8B1923161C343E005318A4 /* Release */,
			);
			defaultConfigurationIsVisible = 0;
			defaultConfigurationName = Release;
		};
/* End XCConfigurationList section */
	};
	rootObject = AA4086E114D490F000EB2196 /* Project object */;
}
