// !$*UTF8*$!
{
	archiveVersion = 1;
	classes = {
	};
	objectVersion = 46;
	objects = {

/* Begin PBXAggregateTarget section */
		026598AB163AC12800A8047B /* Package Maelstrom */ = {
			isa = PBXAggregateTarget;
			buildConfigurationList = 026598AC163AC12800A8047B /* Build configuration list for PBXAggregateTarget "Package Maelstrom" */;
			buildPhases = (
				026598B1163AC1CF00A8047B /* Package */,
			);
			dependencies = (
				026598B0163AC12F00A8047B /* PBXTargetDependency */,
			);
			name = "Package Maelstrom";
			productName = "Package Maelstrom";
		};
/* End PBXAggregateTarget section */

/* Begin PBXBuildFile section */
		93D8E49B15911A6700BD8D0E /* libSDL2_net.a in Frameworks */ = {isa = PBXBuildFile; fileRef = 938A44A2157D55870081A436 /* libSDL2_net.a */; };
		93D8E49C15911A6C00BD8D0E /* libSDL2.a in Frameworks */ = {isa = PBXBuildFile; fileRef = 938A44AE157D55AE0081A436 /* libSDL2.a */; };
		AA0777CE145EB56C00DB8DB3 /* OpenGLES.framework in Frameworks */ = {isa = PBXBuildFile; fileRef = AA0777CD145EB56C00DB8DB3 /* OpenGLES.framework */; };
		AA0777D2145EB60A00DB8DB3 /* AudioToolbox.framework in Frameworks */ = {isa = PBXBuildFile; fileRef = AA0777D1145EB60A00DB8DB3 /* AudioToolbox.framework */; };
		AA0777D4145EB68300DB8DB3 /* QuartzCore.framework in Frameworks */ = {isa = PBXBuildFile; fileRef = AA0777D3145EB68300DB8DB3 /* QuartzCore.framework */; };
		AA0777DB145EC12900DB8DB3 /* libz.dylib in Frameworks */ = {isa = PBXBuildFile; fileRef = AA0777DA145EC12900DB8DB3 /* libz.dylib */; };
		AA425CE9166DBC4E005F2C24 /* ServiceManager_StoreKit.mm in Sources */ = {isa = PBXBuildFile; fileRef = AA425CE8166DBC4E005F2C24 /* ServiceManager_StoreKit.mm */; };
		AA425CEC166DBCE5005F2C24 /* ServiceManager.cpp in Sources */ = {isa = PBXBuildFile; fileRef = AA425CEA166DBCE5005F2C24 /* ServiceManager.cpp */; };
		AA425CEF166DBCF6005F2C24 /* store.cpp in Sources */ = {isa = PBXBuildFile; fileRef = AA425CED166DBCF6005F2C24 /* store.cpp */; };
		AA425CF1166DBF59005F2C24 /* StoreKit.framework in Frameworks */ = {isa = PBXBuildFile; fileRef = AA425CF0166DBF59005F2C24 /* StoreKit.framework */; };
		AA438FD8161D57E300FE5F41 /* Default.png in Resources */ = {isa = PBXBuildFile; fileRef = AA438FD7161D57E300FE5F41 /* Default.png */; };
		AA438FDA161D599E00FE5F41 /* Default@2x.png in Resources */ = {isa = PBXBuildFile; fileRef = AA438FD9161D599E00FE5F41 /* Default@2x.png */; };
		AA438FDC161D59A700FE5F41 /* Default-568h@2x.png in Resources */ = {isa = PBXBuildFile; fileRef = AA438FDB161D59A700FE5F41 /* Default-568h@2x.png */; };
		AA438FDE161D59C700FE5F41 /* Default-Landscape~ipad.png in Resources */ = {isa = PBXBuildFile; fileRef = AA438FDD161D59C700FE5F41 /* Default-Landscape~ipad.png */; };
		AA438FE0161D5A4200FE5F41 /* Default-Landscape@2x~ipad.png in Resources */ = {isa = PBXBuildFile; fileRef = AA438FDF161D5A4200FE5F41 /* Default-Landscape@2x~ipad.png */; };
		AA439029161EBAA800FE5F41 /* UITexture.cpp in Sources */ = {isa = PBXBuildFile; fileRef = AA439027161EBAA800FE5F41 /* UITexture.cpp */; };
		AA439067161EBE1800FE5F41 /* archiver_dir.c in Sources */ = {isa = PBXBuildFile; fileRef = AA439055161EBE1800FE5F41 /* archiver_dir.c */; };
		AA439068161EBE1800FE5F41 /* archiver_zip.c in Sources */ = {isa = PBXBuildFile; fileRef = AA439056161EBE1800FE5F41 /* archiver_zip.c */; };
		AA43906C161EBE1800FE5F41 /* physfs.c in Sources */ = {isa = PBXBuildFile; fileRef = AA43905A161EBE1800FE5F41 /* physfs.c */; };
		AA43906D161EBE1800FE5F41 /* physfs_byteorder.c in Sources */ = {isa = PBXBuildFile; fileRef = AA43905C161EBE1800FE5F41 /* physfs_byteorder.c */; };
		AA43906E161EBE1800FE5F41 /* physfs_unicode.c in Sources */ = {isa = PBXBuildFile; fileRef = AA439061161EBE1800FE5F41 /* physfs_unicode.c */; };
		AA43906F161EBE1800FE5F41 /* platform_beos.cpp in Sources */ = {isa = PBXBuildFile; fileRef = AA439062161EBE1800FE5F41 /* platform_beos.cpp */; };
		AA439070161EBE1800FE5F41 /* platform_macosx.c in Sources */ = {isa = PBXBuildFile; fileRef = AA439063161EBE1800FE5F41 /* platform_macosx.c */; };
		AA439071161EBE1800FE5F41 /* platform_posix.c in Sources */ = {isa = PBXBuildFile; fileRef = AA439064161EBE1800FE5F41 /* platform_posix.c */; };
		AA439072161EBE1800FE5F41 /* platform_unix.c in Sources */ = {isa = PBXBuildFile; fileRef = AA439065161EBE1800FE5F41 /* platform_unix.c */; };
		AA439073161EBE1800FE5F41 /* platform_windows.c in Sources */ = {isa = PBXBuildFile; fileRef = AA439066161EBE1800FE5F41 /* platform_windows.c */; };
		AA43907F1620E35800FE5F41 /* UIElementThumbstick.cpp in Sources */ = {isa = PBXBuildFile; fileRef = AA43907D1620E35800FE5F41 /* UIElementThumbstick.cpp */; };
		AA7557A61594EE8F00BBD41B /* GameKit.framework in Frameworks */ = {isa = PBXBuildFile; fileRef = AA7557A51594EE8F00BBD41B /* GameKit.framework */; };
		AA7557AB1595062C00BBD41B /* Maelstrom_GameKit.mm in Sources */ = {isa = PBXBuildFile; fileRef = AA7557AA1595062C00BBD41B /* Maelstrom_GameKit.mm */; };
		AA80895516B5E99D00590E8D /* Icon.png in Resources */ = {isa = PBXBuildFile; fileRef = AA80895416B5E99D00590E8D /* Icon.png */; };
		AA80895716B5E9ED00590E8D /* Icon@2x.png in Resources */ = {isa = PBXBuildFile; fileRef = AA80895616B5E9ED00590E8D /* Icon@2x.png */; };
		AA80895916B5EA0F00590E8D /* Icon-72.png in Resources */ = {isa = PBXBuildFile; fileRef = AA80895816B5EA0F00590E8D /* Icon-72.png */; };
		AA80895B16B5EA3700590E8D /* Icon-72@2x.png in Resources */ = {isa = PBXBuildFile; fileRef = AA80895A16B5EA3700590E8D /* Icon-72@2x.png */; };
		AA9352DA1643958300B7B41B /* libSDL2_ttf.a in Frameworks */ = {isa = PBXBuildFile; fileRef = AAD53E7E164392D700203E03 /* libSDL2_ttf.a */; };
		AA97808315769F3400472542 /* mainstub.cpp in Sources */ = {isa = PBXBuildFile; fileRef = AA97808215769F3400472542 /* mainstub.cpp */; };
		AA9781571576A00100472542 /* Mac_FontServ.cpp in Sources */ = {isa = PBXBuildFile; fileRef = AA97811D1576A00100472542 /* Mac_FontServ.cpp */; };
		AA9781581576A00100472542 /* Mac_Sound.cpp in Sources */ = {isa = PBXBuildFile; fileRef = AA97811F1576A00100472542 /* Mac_Sound.cpp */; };
		AA9781601576A00100472542 /* SDL_FrameBuf.cpp in Sources */ = {isa = PBXBuildFile; fileRef = AA9781291576A00100472542 /* SDL_FrameBuf.cpp */; };
		AA9781611576A00100472542 /* UIArea.cpp in Sources */ = {isa = PBXBuildFile; fileRef = AA97812B1576A00100472542 /* UIArea.cpp */; };
		AA9781621576A00100472542 /* UIBaseElement.cpp in Sources */ = {isa = PBXBuildFile; fileRef = AA97812D1576A00100472542 /* UIBaseElement.cpp */; };
		AA9781631576A00100472542 /* UIContainer.cpp in Sources */ = {isa = PBXBuildFile; fileRef = AA97812F1576A00100472542 /* UIContainer.cpp */; };
		AA9781641576A00100472542 /* UIDialog.cpp in Sources */ = {isa = PBXBuildFile; fileRef = AA9781311576A00100472542 /* UIDialog.cpp */; };
		AA9781651576A00100472542 /* UIDialogButton.cpp in Sources */ = {isa = PBXBuildFile; fileRef = AA9781331576A00100472542 /* UIDialogButton.cpp */; };
		AA9781661576A00100472542 /* UIDrawEngine.cpp in Sources */ = {isa = PBXBuildFile; fileRef = AA9781351576A00100472542 /* UIDrawEngine.cpp */; };
		AA9781671576A00100472542 /* UIElement.cpp in Sources */ = {isa = PBXBuildFile; fileRef = AA9781371576A00100472542 /* UIElement.cpp */; };
		AA9781681576A00100472542 /* UIElementButton.cpp in Sources */ = {isa = PBXBuildFile; fileRef = AA9781391576A00100472542 /* UIElementButton.cpp */; };
		AA9781691576A00100472542 /* UIElementCheckbox.cpp in Sources */ = {isa = PBXBuildFile; fileRef = AA97813B1576A00100472542 /* UIElementCheckbox.cpp */; };
		AA97816A1576A00100472542 /* UIElementEditbox.cpp in Sources */ = {isa = PBXBuildFile; fileRef = AA97813D1576A00100472542 /* UIElementEditbox.cpp */; };
		AA97816B1576A00100472542 /* UIElementRadio.cpp in Sources */ = {isa = PBXBuildFile; fileRef = AA97813F1576A00100472542 /* UIElementRadio.cpp */; };
		AA97816C1576A00100472542 /* UIManager.cpp in Sources */ = {isa = PBXBuildFile; fileRef = AA9781421576A00100472542 /* UIManager.cpp */; };
		AA97816D1576A00100472542 /* UIPanel.cpp in Sources */ = {isa = PBXBuildFile; fileRef = AA9781441576A00100472542 /* UIPanel.cpp */; };
		AA97816E1576A00100472542 /* UITemplates.cpp in Sources */ = {isa = PBXBuildFile; fileRef = AA9781471576A00100472542 /* UITemplates.cpp */; };
		AA97816F1576A00100472542 /* hashtable.c in Sources */ = {isa = PBXBuildFile; fileRef = AA97814C1576A00100472542 /* hashtable.c */; };
		AA9781721576A00100472542 /* physfsrwops.c in Sources */ = {isa = PBXBuildFile; fileRef = AA9781501576A00100472542 /* physfsrwops.c */; };
		AA9781731576A00100472542 /* prefs.cpp in Sources */ = {isa = PBXBuildFile; fileRef = AA9781521576A00100472542 /* prefs.cpp */; };
		AA9781A51576A03700472542 /* about.cpp in Sources */ = {isa = PBXBuildFile; fileRef = AA9781751576A03700472542 /* about.cpp */; };
		AA9781A61576A03700472542 /* controls.cpp in Sources */ = {isa = PBXBuildFile; fileRef = AA9781781576A03700472542 /* controls.cpp */; };
		AA9781A71576A03700472542 /* fastrand.cpp in Sources */ = {isa = PBXBuildFile; fileRef = AA97817A1576A03700472542 /* fastrand.cpp */; };
		AA9781A81576A03700472542 /* game.cpp in Sources */ = {isa = PBXBuildFile; fileRef = AA97817C1576A03700472542 /* game.cpp */; };
		AA9781A91576A03700472542 /* gameinfo.cpp in Sources */ = {isa = PBXBuildFile; fileRef = AA97817E1576A03700472542 /* gameinfo.cpp */; };
		AA9781AA1576A03700472542 /* init.cpp in Sources */ = {isa = PBXBuildFile; fileRef = AA9781801576A03700472542 /* init.cpp */; };
		AA9781AB1576A03700472542 /* load.cpp in Sources */ = {isa = PBXBuildFile; fileRef = AA9781821576A03700472542 /* load.cpp */; };
		AA9781AC1576A03700472542 /* lobby.cpp in Sources */ = {isa = PBXBuildFile; fileRef = AA9781841576A03700472542 /* lobby.cpp */; };
		AA9781AD1576A03700472542 /* MacDialog.cpp in Sources */ = {isa = PBXBuildFile; fileRef = AA9781861576A03700472542 /* MacDialog.cpp */; };
		AA9781AE1576A03700472542 /* MaelstromUI.cpp in Sources */ = {isa = PBXBuildFile; fileRef = AA97818A1576A03700472542 /* MaelstromUI.cpp */; };
		AA9781AF1576A03700472542 /* main.cpp in Sources */ = {isa = PBXBuildFile; fileRef = AA97818C1576A03700472542 /* main.cpp */; };
		AA9781B01576A03700472542 /* make.cpp in Sources */ = {isa = PBXBuildFile; fileRef = AA97818E1576A03700472542 /* make.cpp */; };
		AA9781B31576A03700472542 /* myerror.cpp in Sources */ = {isa = PBXBuildFile; fileRef = AA9781921576A03700472542 /* myerror.cpp */; };
		AA9781B41576A03700472542 /* netplay.cpp in Sources */ = {isa = PBXBuildFile; fileRef = AA9781941576A03700472542 /* netplay.cpp */; };
		AA9781B51576A03700472542 /* object.cpp in Sources */ = {isa = PBXBuildFile; fileRef = AA9781961576A03700472542 /* object.cpp */; };
		AA9781B61576A03700472542 /* objects.cpp in Sources */ = {isa = PBXBuildFile; fileRef = AA9781981576A03700472542 /* objects.cpp */; };
		AA9781B71576A03700472542 /* player.cpp in Sources */ = {isa = PBXBuildFile; fileRef = AA97819B1576A03700472542 /* player.cpp */; };
		AA9781B81576A03700472542 /* rect.cpp in Sources */ = {isa = PBXBuildFile; fileRef = AA97819E1576A03700472542 /* rect.cpp */; };
		AA9781B91576A03700472542 /* replay.cpp in Sources */ = {isa = PBXBuildFile; fileRef = AA9781A01576A03700472542 /* replay.cpp */; };
		AA9781BA1576A03700472542 /* scores.cpp in Sources */ = {isa = PBXBuildFile; fileRef = AA9781A21576A03700472542 /* scores.cpp */; };
		AA9781BC1576A14D00472542 /* Maelstrom_Data.zip in Resources */ = {isa = PBXBuildFile; fileRef = AA9781BB1576A14D00472542 /* Maelstrom_Data.zip */; };
		AABDBE1F15C8A6B200C3E936 /* continue.cpp in Sources */ = {isa = PBXBuildFile; fileRef = AABDBE1B15C8A6B200C3E936 /* continue.cpp */; };
		AABDBE2615C8A6F300C3E936 /* loadxml.cpp in Sources */ = {isa = PBXBuildFile; fileRef = AABDBE2415C8A6F300C3E936 /* loadxml.cpp */; };
		AAC0415B160E811F00E22BC5 /* libSDL2_image.a in Frameworks */ = {isa = PBXBuildFile; fileRef = AAC0415A160E809F00E22BC5 /* libSDL2_image.a */; };
		AAC04173160E837E00E22BC5 /* ImageIO.framework in Frameworks */ = {isa = PBXBuildFile; fileRef = AAC04172160E837E00E22BC5 /* ImageIO.framework */; };
		AAC04179160E84D000E22BC5 /* MobileCoreServices.framework in Frameworks */ = {isa = PBXBuildFile; fileRef = AAC04178160E84D000E22BC5 /* MobileCoreServices.framework */; };
		AAC257641647A9B000F5FB43 /* files.c in Sources */ = {isa = PBXBuildFile; fileRef = AAC257621647A9B000F5FB43 /* files.c */; };
		AACF51001598BC2C00585701 /* gameover.cpp in Sources */ = {isa = PBXBuildFile; fileRef = AACF50FE1598BC2C00585701 /* gameover.cpp */; };
		AAD13B82145E8A8F0040B19C /* UIKit.framework in Frameworks */ = {isa = PBXBuildFile; fileRef = AAD13B81145E8A8F0040B19C /* UIKit.framework */; };
		AAD13B84145E8A8F0040B19C /* Foundation.framework in Frameworks */ = {isa = PBXBuildFile; fileRef = AAD13B83145E8A8F0040B19C /* Foundation.framework */; };
		AAD13B86145E8A8F0040B19C /* CoreGraphics.framework in Frameworks */ = {isa = PBXBuildFile; fileRef = AAD13B85145E8A8F0040B19C /* CoreGraphics.framework */; };
		AAD13B8C145E8A8F0040B19C /* InfoPlist.strings in Resources */ = {isa = PBXBuildFile; fileRef = AAD13B8A145E8A8F0040B19C /* InfoPlist.strings */; };
		F32BA6072183ABF900017013 /* CoreMotion.framework in Frameworks */ = {isa = PBXBuildFile; fileRef = F32BA5FC2183ABF900017013 /* CoreMotion.framework */; };
		F32BA6092183AC4000017013 /* AVFoundation.framework in Frameworks */ = {isa = PBXBuildFile; fileRef = F32BA6082183AC4000017013 /* AVFoundation.framework */; };
/* End PBXBuildFile section */

/* Begin PBXContainerItemProxy section */
		026598AF163AC12F00A8047B /* PBXContainerItemProxy */ = {
			isa = PBXContainerItemProxy;
			containerPortal = AAD13B74145E8A8F0040B19C /* Project object */;
			proxyType = 1;
			remoteGlobalIDString = AAD13B7C145E8A8F0040B19C;
			remoteInfo = Maelstrom;
		};
		938A44A1157D55870081A436 /* PBXContainerItemProxy */ = {
			isa = PBXContainerItemProxy;
			containerPortal = 938A4498157D555C0081A436 /* SDL_net.xcodeproj */;
			proxyType = 2;
			remoteGlobalIDString = BE48FF6F07AFA9A900BB41DA;
			remoteInfo = "Static Library";
		};
		938A44AD157D55AE0081A436 /* PBXContainerItemProxy */ = {
			isa = PBXContainerItemProxy;
			containerPortal = 938A44A3157D55AE0081A436 /* SDL.xcodeproj */;
			proxyType = 2;
			remoteGlobalIDString = FD6526630DE8FCCB002AD96B;
			remoteInfo = libSDL;
		};
		93D8E494159117BC00BD8D0E /* PBXContainerItemProxy */ = {
			isa = PBXContainerItemProxy;
			containerPortal = 938A4498157D555C0081A436 /* SDL_net.xcodeproj */;
			proxyType = 1;
			remoteGlobalIDString = BE48FF6507AFA9A800BB41DA;
			remoteInfo = "Static Library";
		};
		93D8E496159117BC00BD8D0E /* PBXContainerItemProxy */ = {
			isa = PBXContainerItemProxy;
			containerPortal = 938A44A3157D55AE0081A436 /* SDL.xcodeproj */;
			proxyType = 1;
			remoteGlobalIDString = FD6526620DE8FCCB002AD96B;
			remoteInfo = libSDL;
		};
		93E9C28C16442AD100B39D38 /* PBXContainerItemProxy */ = {
			isa = PBXContainerItemProxy;
			containerPortal = AAD53E5E1643923500203E03 /* SDL_ttf.xcodeproj */;
			proxyType = 1;
			remoteGlobalIDString = BE48FD6807AFA17000BB41DA;
			remoteInfo = "Static Library";
		};
		93E9C28E16442AD100B39D38 /* PBXContainerItemProxy */ = {
			isa = PBXContainerItemProxy;
			containerPortal = AAC04155160E809E00E22BC5 /* SDL_image.xcodeproj */;
			proxyType = 1;
			remoteGlobalIDString = BE1FA72F07AF4C45004B6283;
			remoteInfo = libSDL_image;
		};
		AAC04159160E809F00E22BC5 /* PBXContainerItemProxy */ = {
			isa = PBXContainerItemProxy;
			containerPortal = AAC04155160E809E00E22BC5 /* SDL_image.xcodeproj */;
			proxyType = 2;
			remoteGlobalIDString = BE1FA74107AF4C45004B6283;
			remoteInfo = libSDL_image;
		};
		AAD53E7D164392D700203E03 /* PBXContainerItemProxy */ = {
			isa = PBXContainerItemProxy;
			containerPortal = AAD53E5E1643923500203E03 /* SDL_ttf.xcodeproj */;
			proxyType = 2;
			remoteGlobalIDString = BE48FD6E07AFA17000BB41DA;
			remoteInfo = "Static Library";
		};
		F32BA5EC2183A4EE00017013 /* PBXContainerItemProxy */ = {
			isa = PBXContainerItemProxy;
			containerPortal = 938A44A3157D55AE0081A436 /* SDL.xcodeproj */;
			proxyType = 2;
			remoteGlobalIDString = FAB598141BB5C1B100BE72C5;
			remoteInfo = "libSDL-tvOS";
		};
		F32BA5F12183A4FA00017013 /* PBXContainerItemProxy */ = {
			isa = PBXContainerItemProxy;
			containerPortal = AAC04155160E809E00E22BC5 /* SDL_image.xcodeproj */;
			proxyType = 2;
			remoteGlobalIDString = AA5314451FE0FA910025C9BE;
			remoteInfo = "libSDL_image-tvOS";
		};
		F32BA5F62183A50900017013 /* PBXContainerItemProxy */ = {
			isa = PBXContainerItemProxy;
			containerPortal = AAD53E5E1643923500203E03 /* SDL_ttf.xcodeproj */;
			proxyType = 2;
			remoteGlobalIDString = AA53152E1FE1016F0025C9BE;
			remoteInfo = "libSDL_ttf-tvOS";
		};
/* End PBXContainerItemProxy section */

/* Begin PBXFileReference section */
		02659AB0163AE3FB00A8047B /* package-post-process.rb */ = {isa = PBXFileReference; lastKnownFileType = text.script.ruby; path = "package-post-process.rb"; sourceTree = "<group>"; };
		938A4498157D555C0081A436 /* SDL_net.xcodeproj */ = {isa = PBXFileReference; lastKnownFileType = "wrapper.pb-project"; name = SDL_net.xcodeproj; path = "Xcode-iOS/SDL_net.xcodeproj"; sourceTree = "<group>"; };
		938A44A3157D55AE0081A436 /* SDL.xcodeproj */ = {isa = PBXFileReference; lastKnownFileType = "wrapper.pb-project"; name = SDL.xcodeproj; path = "Xcode-iOS/SDL/SDL.xcodeproj"; sourceTree = "<group>"; };
		93D8E4A315911CDC00BD8D0E /* Maelstrom-Info.plist */ = {isa = PBXFileReference; fileEncoding = 4; lastKnownFileType = text.plist.xml; name = "Maelstrom-Info.plist"; path = "Xcode-iOS/Maelstrom-Info.plist"; sourceTree = "<group>"; };
		AA07778A145EB40800DB8DB3 /* begin_code.h */ = {isa = PBXFileReference; fileEncoding = 4; lastKnownFileType = sourcecode.c.h; path = begin_code.h; sourceTree = "<group>"; };
		AA07778B145EB40800DB8DB3 /* close_code.h */ = {isa = PBXFileReference; fileEncoding = 4; lastKnownFileType = sourcecode.c.h; path = close_code.h; sourceTree = "<group>"; };
		AA07778C145EB40800DB8DB3 /* SDL.h */ = {isa = PBXFileReference; fileEncoding = 4; lastKnownFileType = sourcecode.c.h; path = SDL.h; sourceTree = "<group>"; };
		AA07778D145EB40800DB8DB3 /* SDL_assert.h */ = {isa = PBXFileReference; fileEncoding = 4; lastKnownFileType = sourcecode.c.h; path = SDL_assert.h; sourceTree = "<group>"; };
		AA07778E145EB40800DB8DB3 /* SDL_atomic.h */ = {isa = PBXFileReference; fileEncoding = 4; lastKnownFileType = sourcecode.c.h; path = SDL_atomic.h; sourceTree = "<group>"; };
		AA07778F145EB40800DB8DB3 /* SDL_audio.h */ = {isa = PBXFileReference; fileEncoding = 4; lastKnownFileType = sourcecode.c.h; path = SDL_audio.h; sourceTree = "<group>"; };
		AA077790145EB40800DB8DB3 /* SDL_blendmode.h */ = {isa = PBXFileReference; fileEncoding = 4; lastKnownFileType = sourcecode.c.h; path = SDL_blendmode.h; sourceTree = "<group>"; };
		AA077791145EB40800DB8DB3 /* SDL_clipboard.h */ = {isa = PBXFileReference; fileEncoding = 4; lastKnownFileType = sourcecode.c.h; path = SDL_clipboard.h; sourceTree = "<group>"; };
		AA077793145EB40800DB8DB3 /* SDL_config.h */ = {isa = PBXFileReference; fileEncoding = 4; lastKnownFileType = sourcecode.c.h; path = SDL_config.h; sourceTree = "<group>"; };
		AA077794145EB40800DB8DB3 /* SDL_config_android.h */ = {isa = PBXFileReference; fileEncoding = 4; lastKnownFileType = sourcecode.c.h; path = SDL_config_android.h; sourceTree = "<group>"; };
		AA077795145EB40800DB8DB3 /* SDL_config_iphoneos.h */ = {isa = PBXFileReference; fileEncoding = 4; lastKnownFileType = sourcecode.c.h; path = SDL_config_iphoneos.h; sourceTree = "<group>"; };
		AA077796145EB40800DB8DB3 /* SDL_config_macosx.h */ = {isa = PBXFileReference; fileEncoding = 4; lastKnownFileType = sourcecode.c.h; path = SDL_config_macosx.h; sourceTree = "<group>"; };
		AA077797145EB40800DB8DB3 /* SDL_config_minimal.h */ = {isa = PBXFileReference; fileEncoding = 4; lastKnownFileType = sourcecode.c.h; path = SDL_config_minimal.h; sourceTree = "<group>"; };
		AA077798145EB40800DB8DB3 /* SDL_config_nintendods.h */ = {isa = PBXFileReference; fileEncoding = 4; lastKnownFileType = sourcecode.c.h; path = SDL_config_nintendods.h; sourceTree = "<group>"; };
		AA077799145EB40800DB8DB3 /* SDL_config_pandora.h */ = {isa = PBXFileReference; fileEncoding = 4; lastKnownFileType = sourcecode.c.h; path = SDL_config_pandora.h; sourceTree = "<group>"; };
		AA07779A145EB40800DB8DB3 /* SDL_config_windows.h */ = {isa = PBXFileReference; fileEncoding = 4; lastKnownFileType = sourcecode.c.h; path = SDL_config_windows.h; sourceTree = "<group>"; };
		AA07779B145EB40800DB8DB3 /* SDL_config_wiz.h */ = {isa = PBXFileReference; fileEncoding = 4; lastKnownFileType = sourcecode.c.h; path = SDL_config_wiz.h; sourceTree = "<group>"; };
		AA07779C145EB40800DB8DB3 /* SDL_copying.h */ = {isa = PBXFileReference; fileEncoding = 4; lastKnownFileType = sourcecode.c.h; path = SDL_copying.h; sourceTree = "<group>"; };
		AA07779D145EB40800DB8DB3 /* SDL_cpuinfo.h */ = {isa = PBXFileReference; fileEncoding = 4; lastKnownFileType = sourcecode.c.h; path = SDL_cpuinfo.h; sourceTree = "<group>"; };
		AA07779E145EB40800DB8DB3 /* SDL_endian.h */ = {isa = PBXFileReference; fileEncoding = 4; lastKnownFileType = sourcecode.c.h; path = SDL_endian.h; sourceTree = "<group>"; };
		AA07779F145EB40800DB8DB3 /* SDL_error.h */ = {isa = PBXFileReference; fileEncoding = 4; lastKnownFileType = sourcecode.c.h; path = SDL_error.h; sourceTree = "<group>"; };
		AA0777A0145EB40800DB8DB3 /* SDL_events.h */ = {isa = PBXFileReference; fileEncoding = 4; lastKnownFileType = sourcecode.c.h; path = SDL_events.h; sourceTree = "<group>"; };
		AA0777A1145EB40800DB8DB3 /* SDL_gesture.h */ = {isa = PBXFileReference; fileEncoding = 4; lastKnownFileType = sourcecode.c.h; path = SDL_gesture.h; sourceTree = "<group>"; };
		AA0777A2145EB40800DB8DB3 /* SDL_haptic.h */ = {isa = PBXFileReference; fileEncoding = 4; lastKnownFileType = sourcecode.c.h; path = SDL_haptic.h; sourceTree = "<group>"; };
		AA0777A3145EB40800DB8DB3 /* SDL_hints.h */ = {isa = PBXFileReference; fileEncoding = 4; lastKnownFileType = sourcecode.c.h; path = SDL_hints.h; sourceTree = "<group>"; };
		AA0777A4145EB40800DB8DB3 /* SDL_input.h */ = {isa = PBXFileReference; fileEncoding = 4; lastKnownFileType = sourcecode.c.h; path = SDL_input.h; sourceTree = "<group>"; };
		AA0777A5145EB40800DB8DB3 /* SDL_joystick.h */ = {isa = PBXFileReference; fileEncoding = 4; lastKnownFileType = sourcecode.c.h; path = SDL_joystick.h; sourceTree = "<group>"; };
		AA0777A6145EB40800DB8DB3 /* SDL_keyboard.h */ = {isa = PBXFileReference; fileEncoding = 4; lastKnownFileType = sourcecode.c.h; path = SDL_keyboard.h; sourceTree = "<group>"; };
		AA0777A7145EB40800DB8DB3 /* SDL_keycode.h */ = {isa = PBXFileReference; fileEncoding = 4; lastKnownFileType = sourcecode.c.h; path = SDL_keycode.h; sourceTree = "<group>"; };
		AA0777A8145EB40800DB8DB3 /* SDL_loadso.h */ = {isa = PBXFileReference; fileEncoding = 4; lastKnownFileType = sourcecode.c.h; path = SDL_loadso.h; sourceTree = "<group>"; };
		AA0777A9145EB40800DB8DB3 /* SDL_log.h */ = {isa = PBXFileReference; fileEncoding = 4; lastKnownFileType = sourcecode.c.h; path = SDL_log.h; sourceTree = "<group>"; };
		AA0777AA145EB40800DB8DB3 /* SDL_main.h */ = {isa = PBXFileReference; fileEncoding = 4; lastKnownFileType = sourcecode.c.h; path = SDL_main.h; sourceTree = "<group>"; };
		AA0777AB145EB40800DB8DB3 /* SDL_mouse.h */ = {isa = PBXFileReference; fileEncoding = 4; lastKnownFileType = sourcecode.c.h; path = SDL_mouse.h; sourceTree = "<group>"; };
		AA0777AC145EB40800DB8DB3 /* SDL_mutex.h */ = {isa = PBXFileReference; fileEncoding = 4; lastKnownFileType = sourcecode.c.h; path = SDL_mutex.h; sourceTree = "<group>"; };
		AA0777AD145EB40800DB8DB3 /* SDL_name.h */ = {isa = PBXFileReference; fileEncoding = 4; lastKnownFileType = sourcecode.c.h; path = SDL_name.h; sourceTree = "<group>"; };
		AA0777AE145EB40800DB8DB3 /* SDL_opengl.h */ = {isa = PBXFileReference; fileEncoding = 4; lastKnownFileType = sourcecode.c.h; path = SDL_opengl.h; sourceTree = "<group>"; };
		AA0777AF145EB40800DB8DB3 /* SDL_opengles.h */ = {isa = PBXFileReference; fileEncoding = 4; lastKnownFileType = sourcecode.c.h; path = SDL_opengles.h; sourceTree = "<group>"; };
		AA0777B0145EB40800DB8DB3 /* SDL_opengles2.h */ = {isa = PBXFileReference; fileEncoding = 4; lastKnownFileType = sourcecode.c.h; path = SDL_opengles2.h; sourceTree = "<group>"; };
		AA0777B1145EB40800DB8DB3 /* SDL_pixels.h */ = {isa = PBXFileReference; fileEncoding = 4; lastKnownFileType = sourcecode.c.h; path = SDL_pixels.h; sourceTree = "<group>"; };
		AA0777B2145EB40800DB8DB3 /* SDL_platform.h */ = {isa = PBXFileReference; fileEncoding = 4; lastKnownFileType = sourcecode.c.h; path = SDL_platform.h; sourceTree = "<group>"; };
		AA0777B3145EB40800DB8DB3 /* SDL_power.h */ = {isa = PBXFileReference; fileEncoding = 4; lastKnownFileType = sourcecode.c.h; path = SDL_power.h; sourceTree = "<group>"; };
		AA0777B4145EB40800DB8DB3 /* SDL_quit.h */ = {isa = PBXFileReference; fileEncoding = 4; lastKnownFileType = sourcecode.c.h; path = SDL_quit.h; sourceTree = "<group>"; };
		AA0777B5145EB40800DB8DB3 /* SDL_rect.h */ = {isa = PBXFileReference; fileEncoding = 4; lastKnownFileType = sourcecode.c.h; path = SDL_rect.h; sourceTree = "<group>"; };
		AA0777B6145EB40800DB8DB3 /* SDL_render.h */ = {isa = PBXFileReference; fileEncoding = 4; lastKnownFileType = sourcecode.c.h; path = SDL_render.h; sourceTree = "<group>"; };
		AA0777B7145EB40800DB8DB3 /* SDL_revision.h */ = {isa = PBXFileReference; fileEncoding = 4; lastKnownFileType = sourcecode.c.h; path = SDL_revision.h; sourceTree = "<group>"; };
		AA0777B8145EB40800DB8DB3 /* SDL_rwops.h */ = {isa = PBXFileReference; fileEncoding = 4; lastKnownFileType = sourcecode.c.h; path = SDL_rwops.h; sourceTree = "<group>"; };
		AA0777B9145EB40800DB8DB3 /* SDL_scancode.h */ = {isa = PBXFileReference; fileEncoding = 4; lastKnownFileType = sourcecode.c.h; path = SDL_scancode.h; sourceTree = "<group>"; };
		AA0777BA145EB40800DB8DB3 /* SDL_shape.h */ = {isa = PBXFileReference; fileEncoding = 4; lastKnownFileType = sourcecode.c.h; path = SDL_shape.h; sourceTree = "<group>"; };
		AA0777BB145EB40800DB8DB3 /* SDL_stdinc.h */ = {isa = PBXFileReference; fileEncoding = 4; lastKnownFileType = sourcecode.c.h; path = SDL_stdinc.h; sourceTree = "<group>"; };
		AA0777BC145EB40800DB8DB3 /* SDL_surface.h */ = {isa = PBXFileReference; fileEncoding = 4; lastKnownFileType = sourcecode.c.h; path = SDL_surface.h; sourceTree = "<group>"; };
		AA0777BD145EB40800DB8DB3 /* SDL_syswm.h */ = {isa = PBXFileReference; fileEncoding = 4; lastKnownFileType = sourcecode.c.h; path = SDL_syswm.h; sourceTree = "<group>"; };
		AA0777BE145EB40800DB8DB3 /* SDL_thread.h */ = {isa = PBXFileReference; fileEncoding = 4; lastKnownFileType = sourcecode.c.h; path = SDL_thread.h; sourceTree = "<group>"; };
		AA0777BF145EB40800DB8DB3 /* SDL_timer.h */ = {isa = PBXFileReference; fileEncoding = 4; lastKnownFileType = sourcecode.c.h; path = SDL_timer.h; sourceTree = "<group>"; };
		AA0777C0145EB40800DB8DB3 /* SDL_touch.h */ = {isa = PBXFileReference; fileEncoding = 4; lastKnownFileType = sourcecode.c.h; path = SDL_touch.h; sourceTree = "<group>"; };
		AA0777C1145EB40800DB8DB3 /* SDL_types.h */ = {isa = PBXFileReference; fileEncoding = 4; lastKnownFileType = sourcecode.c.h; path = SDL_types.h; sourceTree = "<group>"; };
		AA0777C2145EB40800DB8DB3 /* SDL_version.h */ = {isa = PBXFileReference; fileEncoding = 4; lastKnownFileType = sourcecode.c.h; path = SDL_version.h; sourceTree = "<group>"; };
		AA0777C3145EB40800DB8DB3 /* SDL_video.h */ = {isa = PBXFileReference; fileEncoding = 4; lastKnownFileType = sourcecode.c.h; path = SDL_video.h; sourceTree = "<group>"; };
		AA0777CD145EB56C00DB8DB3 /* OpenGLES.framework */ = {isa = PBXFileReference; lastKnownFileType = wrapper.framework; name = OpenGLES.framework; path = System/Library/Frameworks/OpenGLES.framework; sourceTree = SDKROOT; };
		AA0777D1145EB60A00DB8DB3 /* AudioToolbox.framework */ = {isa = PBXFileReference; lastKnownFileType = wrapper.framework; name = AudioToolbox.framework; path = System/Library/Frameworks/AudioToolbox.framework; sourceTree = SDKROOT; };
		AA0777D3145EB68300DB8DB3 /* QuartzCore.framework */ = {isa = PBXFileReference; lastKnownFileType = wrapper.framework; name = QuartzCore.framework; path = System/Library/Frameworks/QuartzCore.framework; sourceTree = SDKROOT; };
		AA0777DA145EC12900DB8DB3 /* libz.dylib */ = {isa = PBXFileReference; lastKnownFileType = "compiled.mach-o.dylib"; name = libz.dylib; path = usr/lib/libz.dylib; sourceTree = SDKROOT; };
		AA425CE8166DBC4E005F2C24 /* ServiceManager_StoreKit.mm */ = {isa = PBXFileReference; fileEncoding = 4; lastKnownFileType = sourcecode.cpp.objcpp; name = ServiceManager_StoreKit.mm; path = "Xcode-iOS/ServiceManager_StoreKit.mm"; sourceTree = "<group>"; };
		AA425CEA166DBCE5005F2C24 /* ServiceManager.cpp */ = {isa = PBXFileReference; fileEncoding = 4; lastKnownFileType = sourcecode.cpp.cpp; path = ServiceManager.cpp; sourceTree = "<group>"; };
		AA425CEB166DBCE5005F2C24 /* ServiceManager.h */ = {isa = PBXFileReference; fileEncoding = 4; lastKnownFileType = sourcecode.c.h; path = ServiceManager.h; sourceTree = "<group>"; };
		AA425CED166DBCF6005F2C24 /* store.cpp */ = {isa = PBXFileReference; fileEncoding = 4; lastKnownFileType = sourcecode.cpp.cpp; path = store.cpp; sourceTree = "<group>"; };
		AA425CEE166DBCF6005F2C24 /* store.h */ = {isa = PBXFileReference; fileEncoding = 4; lastKnownFileType = sourcecode.c.h; path = store.h; sourceTree = "<group>"; };
		AA425CF0166DBF59005F2C24 /* StoreKit.framework */ = {isa = PBXFileReference; lastKnownFileType = wrapper.framework; name = StoreKit.framework; path = System/Library/Frameworks/StoreKit.framework; sourceTree = SDKROOT; };
		AA438FD7161D57E300FE5F41 /* Default.png */ = {isa = PBXFileReference; lastKnownFileType = image.png; name = Default.png; path = "Xcode-iOS/Default.png"; sourceTree = "<group>"; };
		AA438FD9161D599E00FE5F41 /* Default@2x.png */ = {isa = PBXFileReference; lastKnownFileType = image.png; name = "Default@2x.png"; path = "Xcode-iOS/Default@2x.png"; sourceTree = "<group>"; };
		AA438FDB161D59A700FE5F41 /* Default-568h@2x.png */ = {isa = PBXFileReference; lastKnownFileType = image.png; name = "Default-568h@2x.png"; path = "Xcode-iOS/Default-568h@2x.png"; sourceTree = "<group>"; };
		AA438FDD161D59C700FE5F41 /* Default-Landscape~ipad.png */ = {isa = PBXFileReference; lastKnownFileType = image.png; name = "Default-Landscape~ipad.png"; path = "Xcode-iOS/Default-Landscape~ipad.png"; sourceTree = "<group>"; };
		AA438FDF161D5A4200FE5F41 /* Default-Landscape@2x~ipad.png */ = {isa = PBXFileReference; lastKnownFileType = image.png; name = "Default-Landscape@2x~ipad.png"; path = "Xcode-iOS/Default-Landscape@2x~ipad.png"; sourceTree = "<group>"; };
		AA439026161EBAA800FE5F41 /* UIImageInterface.h */ = {isa = PBXFileReference; fileEncoding = 4; lastKnownFileType = sourcecode.c.h; path = UIImageInterface.h; sourceTree = "<group>"; };
		AA439027161EBAA800FE5F41 /* UITexture.cpp */ = {isa = PBXFileReference; fileEncoding = 4; lastKnownFileType = sourcecode.cpp.cpp; path = UITexture.cpp; sourceTree = "<group>"; };
		AA439028161EBAA800FE5F41 /* UITexture.h */ = {isa = PBXFileReference; fileEncoding = 4; lastKnownFileType = sourcecode.c.h; path = UITexture.h; sourceTree = "<group>"; };
		AA439055161EBE1800FE5F41 /* archiver_dir.c */ = {isa = PBXFileReference; fileEncoding = 4; lastKnownFileType = sourcecode.c.c; path = archiver_dir.c; sourceTree = "<group>"; };
		AA439056161EBE1800FE5F41 /* archiver_zip.c */ = {isa = PBXFileReference; fileEncoding = 4; lastKnownFileType = sourcecode.c.c; path = archiver_zip.c; sourceTree = "<group>"; };
		AA43905A161EBE1800FE5F41 /* physfs.c */ = {isa = PBXFileReference; fileEncoding = 4; lastKnownFileType = sourcecode.c.c; path = physfs.c; sourceTree = "<group>"; };
		AA43905B161EBE1800FE5F41 /* physfs.h */ = {isa = PBXFileReference; fileEncoding = 4; lastKnownFileType = sourcecode.c.h; path = physfs.h; sourceTree = "<group>"; };
		AA43905C161EBE1800FE5F41 /* physfs_byteorder.c */ = {isa = PBXFileReference; fileEncoding = 4; lastKnownFileType = sourcecode.c.c; path = physfs_byteorder.c; sourceTree = "<group>"; };
		AA43905D161EBE1800FE5F41 /* physfs_casefolding.h */ = {isa = PBXFileReference; fileEncoding = 4; lastKnownFileType = sourcecode.c.h; path = physfs_casefolding.h; sourceTree = "<group>"; };
		AA43905E161EBE1800FE5F41 /* physfs_internal.h */ = {isa = PBXFileReference; fileEncoding = 4; lastKnownFileType = sourcecode.c.h; path = physfs_internal.h; sourceTree = "<group>"; };
		AA43905F161EBE1800FE5F41 /* physfs_miniz.h */ = {isa = PBXFileReference; fileEncoding = 4; lastKnownFileType = sourcecode.c.h; path = physfs_miniz.h; sourceTree = "<group>"; };
		AA439060161EBE1800FE5F41 /* physfs_platforms.h */ = {isa = PBXFileReference; fileEncoding = 4; lastKnownFileType = sourcecode.c.h; path = physfs_platforms.h; sourceTree = "<group>"; };
		AA439061161EBE1800FE5F41 /* physfs_unicode.c */ = {isa = PBXFileReference; fileEncoding = 4; lastKnownFileType = sourcecode.c.c; path = physfs_unicode.c; sourceTree = "<group>"; };
		AA439062161EBE1800FE5F41 /* platform_beos.cpp */ = {isa = PBXFileReference; fileEncoding = 4; lastKnownFileType = sourcecode.cpp.cpp; path = platform_beos.cpp; sourceTree = "<group>"; };
		AA439063161EBE1800FE5F41 /* platform_macosx.c */ = {isa = PBXFileReference; fileEncoding = 4; lastKnownFileType = sourcecode.c.c; path = platform_macosx.c; sourceTree = "<group>"; };
		AA439064161EBE1800FE5F41 /* platform_posix.c */ = {isa = PBXFileReference; fileEncoding = 4; lastKnownFileType = sourcecode.c.c; path = platform_posix.c; sourceTree = "<group>"; };
		AA439065161EBE1800FE5F41 /* platform_unix.c */ = {isa = PBXFileReference; fileEncoding = 4; lastKnownFileType = sourcecode.c.c; path = platform_unix.c; sourceTree = "<group>"; };
		AA439066161EBE1800FE5F41 /* platform_windows.c */ = {isa = PBXFileReference; fileEncoding = 4; lastKnownFileType = sourcecode.c.c; path = platform_windows.c; sourceTree = "<group>"; };
		AA43907D1620E35800FE5F41 /* UIElementThumbstick.cpp */ = {isa = PBXFileReference; fileEncoding = 4; lastKnownFileType = sourcecode.cpp.cpp; path = UIElementThumbstick.cpp; sourceTree = "<group>"; };
		AA43907E1620E35800FE5F41 /* UIElementThumbstick.h */ = {isa = PBXFileReference; fileEncoding = 4; lastKnownFileType = sourcecode.c.h; path = UIElementThumbstick.h; sourceTree = "<group>"; };
		AA7557A51594EE8F00BBD41B /* GameKit.framework */ = {isa = PBXFileReference; lastKnownFileType = wrapper.framework; name = GameKit.framework; path = System/Library/Frameworks/GameKit.framework; sourceTree = SDKROOT; };
		AA7557A71595019400BBD41B /* Maelstrom_GameKit.h */ = {isa = PBXFileReference; fileEncoding = 4; lastKnownFileType = sourcecode.c.h; name = Maelstrom_GameKit.h; path = "Xcode-iOS/Maelstrom_GameKit.h"; sourceTree = "<group>"; };
		AA7557AA1595062C00BBD41B /* Maelstrom_GameKit.mm */ = {isa = PBXFileReference; fileEncoding = 4; lastKnownFileType = sourcecode.cpp.objcpp; name = Maelstrom_GameKit.mm; path = "Xcode-iOS/Maelstrom_GameKit.mm"; sourceTree = "<group>"; };
		AA80895416B5E99D00590E8D /* Icon.png */ = {isa = PBXFileReference; lastKnownFileType = image.png; name = Icon.png; path = "Xcode-iOS/Icon.png"; sourceTree = "<group>"; };
		AA80895616B5E9ED00590E8D /* Icon@2x.png */ = {isa = PBXFileReference; lastKnownFileType = image.png; name = "Icon@2x.png"; path = "Xcode-iOS/Icon@2x.png"; sourceTree = "<group>"; };
		AA80895816B5EA0F00590E8D /* Icon-72.png */ = {isa = PBXFileReference; lastKnownFileType = image.png; name = "Icon-72.png"; path = "Xcode-iOS/Icon-72.png"; sourceTree = "<group>"; };
		AA80895A16B5EA3700590E8D /* Icon-72@2x.png */ = {isa = PBXFileReference; lastKnownFileType = image.png; name = "Icon-72@2x.png"; path = "Xcode-iOS/Icon-72@2x.png"; sourceTree = "<group>"; };
		AA97808215769F3400472542 /* mainstub.cpp */ = {isa = PBXFileReference; fileEncoding = 4; lastKnownFileType = sourcecode.cpp.cpp; path = mainstub.cpp; sourceTree = "<group>"; };
		AA97811A1576A00100472542 /* bitesex.h */ = {isa = PBXFileReference; fileEncoding = 4; lastKnownFileType = sourcecode.c.h; path = bitesex.h; sourceTree = "<group>"; };
		AA97811C1576A00100472542 /* Mac_Compat.h */ = {isa = PBXFileReference; fileEncoding = 4; lastKnownFileType = sourcecode.c.h; path = Mac_Compat.h; sourceTree = "<group>"; };
		AA97811D1576A00100472542 /* Mac_FontServ.cpp */ = {isa = PBXFileReference; fileEncoding = 4; lastKnownFileType = sourcecode.cpp.cpp; path = Mac_FontServ.cpp; sourceTree = "<group>"; };
		AA97811E1576A00100472542 /* Mac_FontServ.h */ = {isa = PBXFileReference; fileEncoding = 4; lastKnownFileType = sourcecode.c.h; path = Mac_FontServ.h; sourceTree = "<group>"; };
		AA97811F1576A00100472542 /* Mac_Sound.cpp */ = {isa = PBXFileReference; fileEncoding = 4; lastKnownFileType = sourcecode.cpp.cpp; path = Mac_Sound.cpp; sourceTree = "<group>"; };
		AA9781201576A00100472542 /* Mac_Sound.h */ = {isa = PBXFileReference; fileEncoding = 4; lastKnownFileType = sourcecode.c.h; path = Mac_Sound.h; sourceTree = "<group>"; };
		AA9781291576A00100472542 /* SDL_FrameBuf.cpp */ = {isa = PBXFileReference; fileEncoding = 4; lastKnownFileType = sourcecode.cpp.cpp; path = SDL_FrameBuf.cpp; sourceTree = "<group>"; };
		AA97812A1576A00100472542 /* SDL_FrameBuf.h */ = {isa = PBXFileReference; fileEncoding = 4; lastKnownFileType = sourcecode.c.h; path = SDL_FrameBuf.h; sourceTree = "<group>"; };
		AA97812B1576A00100472542 /* UIArea.cpp */ = {isa = PBXFileReference; fileEncoding = 4; lastKnownFileType = sourcecode.cpp.cpp; path = UIArea.cpp; sourceTree = "<group>"; };
		AA97812C1576A00100472542 /* UIArea.h */ = {isa = PBXFileReference; fileEncoding = 4; lastKnownFileType = sourcecode.c.h; path = UIArea.h; sourceTree = "<group>"; };
		AA97812D1576A00100472542 /* UIBaseElement.cpp */ = {isa = PBXFileReference; fileEncoding = 4; lastKnownFileType = sourcecode.cpp.cpp; path = UIBaseElement.cpp; sourceTree = "<group>"; };
		AA97812E1576A00100472542 /* UIBaseElement.h */ = {isa = PBXFileReference; fileEncoding = 4; lastKnownFileType = sourcecode.c.h; path = UIBaseElement.h; sourceTree = "<group>"; };
		AA97812F1576A00100472542 /* UIContainer.cpp */ = {isa = PBXFileReference; fileEncoding = 4; lastKnownFileType = sourcecode.cpp.cpp; path = UIContainer.cpp; sourceTree = "<group>"; };
		AA9781301576A00100472542 /* UIContainer.h */ = {isa = PBXFileReference; fileEncoding = 4; lastKnownFileType = sourcecode.c.h; path = UIContainer.h; sourceTree = "<group>"; };
		AA9781311576A00100472542 /* UIDialog.cpp */ = {isa = PBXFileReference; fileEncoding = 4; lastKnownFileType = sourcecode.cpp.cpp; path = UIDialog.cpp; sourceTree = "<group>"; };
		AA9781321576A00100472542 /* UIDialog.h */ = {isa = PBXFileReference; fileEncoding = 4; lastKnownFileType = sourcecode.c.h; path = UIDialog.h; sourceTree = "<group>"; };
		AA9781331576A00100472542 /* UIDialogButton.cpp */ = {isa = PBXFileReference; fileEncoding = 4; lastKnownFileType = sourcecode.cpp.cpp; path = UIDialogButton.cpp; sourceTree = "<group>"; };
		AA9781341576A00100472542 /* UIDialogButton.h */ = {isa = PBXFileReference; fileEncoding = 4; lastKnownFileType = sourcecode.c.h; path = UIDialogButton.h; sourceTree = "<group>"; };
		AA9781351576A00100472542 /* UIDrawEngine.cpp */ = {isa = PBXFileReference; fileEncoding = 4; lastKnownFileType = sourcecode.cpp.cpp; path = UIDrawEngine.cpp; sourceTree = "<group>"; };
		AA9781361576A00100472542 /* UIDrawEngine.h */ = {isa = PBXFileReference; fileEncoding = 4; lastKnownFileType = sourcecode.c.h; path = UIDrawEngine.h; sourceTree = "<group>"; };
		AA9781371576A00100472542 /* UIElement.cpp */ = {isa = PBXFileReference; fileEncoding = 4; lastKnownFileType = sourcecode.cpp.cpp; path = UIElement.cpp; sourceTree = "<group>"; };
		AA9781381576A00100472542 /* UIElement.h */ = {isa = PBXFileReference; fileEncoding = 4; lastKnownFileType = sourcecode.c.h; path = UIElement.h; sourceTree = "<group>"; };
		AA9781391576A00100472542 /* UIElementButton.cpp */ = {isa = PBXFileReference; fileEncoding = 4; lastKnownFileType = sourcecode.cpp.cpp; path = UIElementButton.cpp; sourceTree = "<group>"; };
		AA97813A1576A00100472542 /* UIElementButton.h */ = {isa = PBXFileReference; fileEncoding = 4; lastKnownFileType = sourcecode.c.h; path = UIElementButton.h; sourceTree = "<group>"; };
		AA97813B1576A00100472542 /* UIElementCheckbox.cpp */ = {isa = PBXFileReference; fileEncoding = 4; lastKnownFileType = sourcecode.cpp.cpp; path = UIElementCheckbox.cpp; sourceTree = "<group>"; };
		AA97813C1576A00100472542 /* UIElementCheckbox.h */ = {isa = PBXFileReference; fileEncoding = 4; lastKnownFileType = sourcecode.c.h; path = UIElementCheckbox.h; sourceTree = "<group>"; };
		AA97813D1576A00100472542 /* UIElementEditbox.cpp */ = {isa = PBXFileReference; fileEncoding = 4; lastKnownFileType = sourcecode.cpp.cpp; path = UIElementEditbox.cpp; sourceTree = "<group>"; };
		AA97813E1576A00100472542 /* UIElementEditbox.h */ = {isa = PBXFileReference; fileEncoding = 4; lastKnownFileType = sourcecode.c.h; path = UIElementEditbox.h; sourceTree = "<group>"; };
		AA97813F1576A00100472542 /* UIElementRadio.cpp */ = {isa = PBXFileReference; fileEncoding = 4; lastKnownFileType = sourcecode.cpp.cpp; path = UIElementRadio.cpp; sourceTree = "<group>"; };
		AA9781401576A00100472542 /* UIElementRadio.h */ = {isa = PBXFileReference; fileEncoding = 4; lastKnownFileType = sourcecode.c.h; path = UIElementRadio.h; sourceTree = "<group>"; };
		AA9781411576A00100472542 /* UIFontInterface.h */ = {isa = PBXFileReference; fileEncoding = 4; lastKnownFileType = sourcecode.c.h; path = UIFontInterface.h; sourceTree = "<group>"; };
		AA9781421576A00100472542 /* UIManager.cpp */ = {isa = PBXFileReference; fileEncoding = 4; lastKnownFileType = sourcecode.cpp.cpp; path = UIManager.cpp; sourceTree = "<group>"; };
		AA9781431576A00100472542 /* UIManager.h */ = {isa = PBXFileReference; fileEncoding = 4; lastKnownFileType = sourcecode.c.h; path = UIManager.h; sourceTree = "<group>"; };
		AA9781441576A00100472542 /* UIPanel.cpp */ = {isa = PBXFileReference; fileEncoding = 4; lastKnownFileType = sourcecode.cpp.cpp; path = UIPanel.cpp; sourceTree = "<group>"; };
		AA9781451576A00100472542 /* UIPanel.h */ = {isa = PBXFileReference; fileEncoding = 4; lastKnownFileType = sourcecode.c.h; path = UIPanel.h; sourceTree = "<group>"; };
		AA9781461576A00100472542 /* UISoundInterface.h */ = {isa = PBXFileReference; fileEncoding = 4; lastKnownFileType = sourcecode.c.h; path = UISoundInterface.h; sourceTree = "<group>"; };
		AA9781471576A00100472542 /* UITemplates.cpp */ = {isa = PBXFileReference; fileEncoding = 4; lastKnownFileType = sourcecode.cpp.cpp; path = UITemplates.cpp; sourceTree = "<group>"; };
		AA9781481576A00100472542 /* UITemplates.h */ = {isa = PBXFileReference; fileEncoding = 4; lastKnownFileType = sourcecode.c.h; path = UITemplates.h; sourceTree = "<group>"; };
		AA97814A1576A00100472542 /* array.h */ = {isa = PBXFileReference; fileEncoding = 4; lastKnownFileType = sourcecode.c.h; path = array.h; sourceTree = "<group>"; };
		AA97814B1576A00100472542 /* ErrorBase.h */ = {isa = PBXFileReference; fileEncoding = 4; lastKnownFileType = sourcecode.c.h; path = ErrorBase.h; sourceTree = "<group>"; };
		AA97814C1576A00100472542 /* hashtable.c */ = {isa = PBXFileReference; fileEncoding = 4; lastKnownFileType = sourcecode.c.c; path = hashtable.c; sourceTree = "<group>"; };
		AA97814D1576A00100472542 /* hashtable.h */ = {isa = PBXFileReference; fileEncoding = 4; lastKnownFileType = sourcecode.c.h; path = hashtable.h; sourceTree = "<group>"; };
		AA9781501576A00100472542 /* physfsrwops.c */ = {isa = PBXFileReference; fileEncoding = 4; lastKnownFileType = sourcecode.c.c; path = physfsrwops.c; sourceTree = "<group>"; };
		AA9781511576A00100472542 /* physfsrwops.h */ = {isa = PBXFileReference; fileEncoding = 4; lastKnownFileType = sourcecode.c.h; path = physfsrwops.h; sourceTree = "<group>"; };
		AA9781521576A00100472542 /* prefs.cpp */ = {isa = PBXFileReference; fileEncoding = 4; lastKnownFileType = sourcecode.cpp.cpp; path = prefs.cpp; sourceTree = "<group>"; };
		AA9781531576A00100472542 /* prefs.h */ = {isa = PBXFileReference; fileEncoding = 4; lastKnownFileType = sourcecode.c.h; path = prefs.h; sourceTree = "<group>"; };
		AA9781541576A00100472542 /* rapidxml.h */ = {isa = PBXFileReference; fileEncoding = 4; lastKnownFileType = sourcecode.c.h; path = rapidxml.h; sourceTree = "<group>"; };
		AA9781551576A00100472542 /* rapidxml.hpp */ = {isa = PBXFileReference; fileEncoding = 4; lastKnownFileType = sourcecode.cpp.h; path = rapidxml.hpp; sourceTree = "<group>"; };
		AA9781751576A03700472542 /* about.cpp */ = {isa = PBXFileReference; fileEncoding = 4; lastKnownFileType = sourcecode.cpp.cpp; path = about.cpp; sourceTree = "<group>"; };
		AA9781761576A03700472542 /* about.h */ = {isa = PBXFileReference; fileEncoding = 4; lastKnownFileType = sourcecode.c.h; path = about.h; sourceTree = "<group>"; };
		AA9781771576A03700472542 /* colortable.h */ = {isa = PBXFileReference; fileEncoding = 4; lastKnownFileType = sourcecode.c.h; path = colortable.h; sourceTree = "<group>"; };
		AA9781781576A03700472542 /* controls.cpp */ = {isa = PBXFileReference; fileEncoding = 4; lastKnownFileType = sourcecode.cpp.cpp; path = controls.cpp; sourceTree = "<group>"; };
		AA9781791576A03700472542 /* controls.h */ = {isa = PBXFileReference; fileEncoding = 4; lastKnownFileType = sourcecode.c.h; path = controls.h; sourceTree = "<group>"; };
		AA97817A1576A03700472542 /* fastrand.cpp */ = {isa = PBXFileReference; fileEncoding = 4; lastKnownFileType = sourcecode.cpp.cpp; path = fastrand.cpp; sourceTree = "<group>"; };
		AA97817B1576A03700472542 /* fastrand.h */ = {isa = PBXFileReference; fileEncoding = 4; lastKnownFileType = sourcecode.c.h; path = fastrand.h; sourceTree = "<group>"; };
		AA97817C1576A03700472542 /* game.cpp */ = {isa = PBXFileReference; fileEncoding = 4; lastKnownFileType = sourcecode.cpp.cpp; path = game.cpp; sourceTree = "<group>"; };
		AA97817D1576A03700472542 /* game.h */ = {isa = PBXFileReference; fileEncoding = 4; lastKnownFileType = sourcecode.c.h; path = game.h; sourceTree = "<group>"; };
		AA97817E1576A03700472542 /* gameinfo.cpp */ = {isa = PBXFileReference; fileEncoding = 4; lastKnownFileType = sourcecode.cpp.cpp; path = gameinfo.cpp; sourceTree = "<group>"; };
		AA97817F1576A03700472542 /* gameinfo.h */ = {isa = PBXFileReference; fileEncoding = 4; lastKnownFileType = sourcecode.c.h; path = gameinfo.h; sourceTree = "<group>"; };
		AA9781801576A03700472542 /* init.cpp */ = {isa = PBXFileReference; fileEncoding = 4; lastKnownFileType = sourcecode.cpp.cpp; path = init.cpp; sourceTree = "<group>"; };
		AA9781811576A03700472542 /* init.h */ = {isa = PBXFileReference; fileEncoding = 4; lastKnownFileType = sourcecode.c.h; path = init.h; sourceTree = "<group>"; };
		AA9781821576A03700472542 /* load.cpp */ = {isa = PBXFileReference; fileEncoding = 4; lastKnownFileType = sourcecode.cpp.cpp; path = load.cpp; sourceTree = "<group>"; };
		AA9781831576A03700472542 /* load.h */ = {isa = PBXFileReference; fileEncoding = 4; lastKnownFileType = sourcecode.c.h; path = load.h; sourceTree = "<group>"; };
		AA9781841576A03700472542 /* lobby.cpp */ = {isa = PBXFileReference; fileEncoding = 4; lastKnownFileType = sourcecode.cpp.cpp; path = lobby.cpp; sourceTree = "<group>"; };
		AA9781851576A03700472542 /* lobby.h */ = {isa = PBXFileReference; fileEncoding = 4; lastKnownFileType = sourcecode.c.h; path = lobby.h; sourceTree = "<group>"; };
		AA9781861576A03700472542 /* MacDialog.cpp */ = {isa = PBXFileReference; fileEncoding = 4; lastKnownFileType = sourcecode.cpp.cpp; path = MacDialog.cpp; sourceTree = "<group>"; };
		AA9781871576A03700472542 /* MacDialog.h */ = {isa = PBXFileReference; fileEncoding = 4; lastKnownFileType = sourcecode.c.h; path = MacDialog.h; sourceTree = "<group>"; };
		AA9781881576A03700472542 /* Maelstrom.h */ = {isa = PBXFileReference; fileEncoding = 4; lastKnownFileType = sourcecode.c.h; path = Maelstrom.h; sourceTree = "<group>"; };
		AA9781891576A03700472542 /* Maelstrom_Globals.h */ = {isa = PBXFileReference; fileEncoding = 4; lastKnownFileType = sourcecode.c.h; path = Maelstrom_Globals.h; sourceTree = "<group>"; };
		AA97818A1576A03700472542 /* MaelstromUI.cpp */ = {isa = PBXFileReference; fileEncoding = 4; lastKnownFileType = sourcecode.cpp.cpp; path = MaelstromUI.cpp; sourceTree = "<group>"; };
		AA97818B1576A03700472542 /* MaelstromUI.h */ = {isa = PBXFileReference; fileEncoding = 4; lastKnownFileType = sourcecode.c.h; path = MaelstromUI.h; sourceTree = "<group>"; };
		AA97818C1576A03700472542 /* main.cpp */ = {isa = PBXFileReference; fileEncoding = 4; lastKnownFileType = sourcecode.cpp.cpp; path = main.cpp; sourceTree = "<group>"; };
		AA97818D1576A03700472542 /* main.h */ = {isa = PBXFileReference; fileEncoding = 4; lastKnownFileType = sourcecode.c.h; path = main.h; sourceTree = "<group>"; };
		AA97818E1576A03700472542 /* make.cpp */ = {isa = PBXFileReference; fileEncoding = 4; lastKnownFileType = sourcecode.cpp.cpp; path = make.cpp; sourceTree = "<group>"; };
		AA97818F1576A03700472542 /* make.h */ = {isa = PBXFileReference; fileEncoding = 4; lastKnownFileType = sourcecode.c.h; path = make.h; sourceTree = "<group>"; };
		AA9781921576A03700472542 /* myerror.cpp */ = {isa = PBXFileReference; fileEncoding = 4; lastKnownFileType = sourcecode.cpp.cpp; path = myerror.cpp; sourceTree = "<group>"; };
		AA9781931576A03700472542 /* myerror.h */ = {isa = PBXFileReference; fileEncoding = 4; lastKnownFileType = sourcecode.c.h; path = myerror.h; sourceTree = "<group>"; };
		AA9781941576A03700472542 /* netplay.cpp */ = {isa = PBXFileReference; fileEncoding = 4; lastKnownFileType = sourcecode.cpp.cpp; path = netplay.cpp; sourceTree = "<group>"; };
		AA9781951576A03700472542 /* netplay.h */ = {isa = PBXFileReference; fileEncoding = 4; lastKnownFileType = sourcecode.c.h; path = netplay.h; sourceTree = "<group>"; };
		AA9781961576A03700472542 /* object.cpp */ = {isa = PBXFileReference; fileEncoding = 4; lastKnownFileType = sourcecode.cpp.cpp; path = object.cpp; sourceTree = "<group>"; };
		AA9781971576A03700472542 /* object.h */ = {isa = PBXFileReference; fileEncoding = 4; lastKnownFileType = sourcecode.c.h; path = object.h; sourceTree = "<group>"; };
		AA9781981576A03700472542 /* objects.cpp */ = {isa = PBXFileReference; fileEncoding = 4; lastKnownFileType = sourcecode.cpp.cpp; path = objects.cpp; sourceTree = "<group>"; };
		AA9781991576A03700472542 /* objects.h */ = {isa = PBXFileReference; fileEncoding = 4; lastKnownFileType = sourcecode.c.h; path = objects.h; sourceTree = "<group>"; };
		AA97819A1576A03700472542 /* packet.h */ = {isa = PBXFileReference; fileEncoding = 4; lastKnownFileType = sourcecode.c.h; path = packet.h; sourceTree = "<group>"; };
		AA97819B1576A03700472542 /* player.cpp */ = {isa = PBXFileReference; fileEncoding = 4; lastKnownFileType = sourcecode.cpp.cpp; path = player.cpp; sourceTree = "<group>"; };
		AA97819C1576A03700472542 /* player.h */ = {isa = PBXFileReference; fileEncoding = 4; lastKnownFileType = sourcecode.c.h; path = player.h; sourceTree = "<group>"; };
		AA97819D1576A03700472542 /* protocol.h */ = {isa = PBXFileReference; fileEncoding = 4; lastKnownFileType = sourcecode.c.h; path = protocol.h; sourceTree = "<group>"; };
		AA97819E1576A03700472542 /* rect.cpp */ = {isa = PBXFileReference; fileEncoding = 4; lastKnownFileType = sourcecode.cpp.cpp; path = rect.cpp; sourceTree = "<group>"; };
		AA97819F1576A03700472542 /* rect.h */ = {isa = PBXFileReference; fileEncoding = 4; lastKnownFileType = sourcecode.c.h; path = rect.h; sourceTree = "<group>"; };
		AA9781A01576A03700472542 /* replay.cpp */ = {isa = PBXFileReference; fileEncoding = 4; lastKnownFileType = sourcecode.cpp.cpp; path = replay.cpp; sourceTree = "<group>"; };
		AA9781A11576A03700472542 /* replay.h */ = {isa = PBXFileReference; fileEncoding = 4; lastKnownFileType = sourcecode.c.h; path = replay.h; sourceTree = "<group>"; };
		AA9781A21576A03700472542 /* scores.cpp */ = {isa = PBXFileReference; fileEncoding = 4; lastKnownFileType = sourcecode.cpp.cpp; path = scores.cpp; sourceTree = "<group>"; };
		AA9781A31576A03700472542 /* scores.h */ = {isa = PBXFileReference; fileEncoding = 4; lastKnownFileType = sourcecode.c.h; path = scores.h; sourceTree = "<group>"; };
		AA9781A41576A03700472542 /* shinobi.h */ = {isa = PBXFileReference; fileEncoding = 4; lastKnownFileType = sourcecode.c.h; path = shinobi.h; sourceTree = "<group>"; };
		AA9781BB1576A14D00472542 /* Maelstrom_Data.zip */ = {isa = PBXFileReference; lastKnownFileType = archive.zip; path = Maelstrom_Data.zip; sourceTree = "<group>"; };
		AA9781BE1576A39F00472542 /* SDL_net.h */ = {isa = PBXFileReference; fileEncoding = 4; lastKnownFileType = sourcecode.c.h; path = SDL_net.h; sourceTree = "<group>"; };
		AABDBE1B15C8A6B200C3E936 /* continue.cpp */ = {isa = PBXFileReference; fileEncoding = 4; lastKnownFileType = sourcecode.cpp.cpp; path = continue.cpp; sourceTree = "<group>"; };
		AABDBE1C15C8A6B200C3E936 /* continue.h */ = {isa = PBXFileReference; fileEncoding = 4; lastKnownFileType = sourcecode.c.h; path = continue.h; sourceTree = "<group>"; };
		AABDBE2415C8A6F300C3E936 /* loadxml.cpp */ = {isa = PBXFileReference; fileEncoding = 4; lastKnownFileType = sourcecode.cpp.cpp; path = loadxml.cpp; sourceTree = "<group>"; };
		AABDBE2515C8A6F300C3E936 /* loadxml.h */ = {isa = PBXFileReference; fileEncoding = 4; lastKnownFileType = sourcecode.c.h; path = loadxml.h; sourceTree = "<group>"; };
		AAC04154160E808500E22BC5 /* SDL_image.h */ = {isa = PBXFileReference; fileEncoding = 4; lastKnownFileType = sourcecode.c.h; path = SDL_image.h; sourceTree = "<group>"; };
		AAC04155160E809E00E22BC5 /* SDL_image.xcodeproj */ = {isa = PBXFileReference; lastKnownFileType = "wrapper.pb-project"; name = SDL_image.xcodeproj; path = "Xcode-iOS/SDL_image.xcodeproj"; sourceTree = "<group>"; };
		AAC04172160E837E00E22BC5 /* ImageIO.framework */ = {isa = PBXFileReference; lastKnownFileType = wrapper.framework; name = ImageIO.framework; path = System/Library/Frameworks/ImageIO.framework; sourceTree = SDKROOT; };
		AAC04178160E84D000E22BC5 /* MobileCoreServices.framework */ = {isa = PBXFileReference; lastKnownFileType = wrapper.framework; name = MobileCoreServices.framework; path = System/Library/Frameworks/MobileCoreServices.framework; sourceTree = SDKROOT; };
		AAC257621647A9B000F5FB43 /* files.c */ = {isa = PBXFileReference; fileEncoding = 4; lastKnownFileType = sourcecode.c.c; path = files.c; sourceTree = "<group>"; };
		AAC257631647A9B000F5FB43 /* files.h */ = {isa = PBXFileReference; fileEncoding = 4; lastKnownFileType = sourcecode.c.h; path = files.h; sourceTree = "<group>"; };
		AACF50FE1598BC2C00585701 /* gameover.cpp */ = {isa = PBXFileReference; fileEncoding = 4; lastKnownFileType = sourcecode.cpp.cpp; path = gameover.cpp; sourceTree = "<group>"; };
		AACF50FF1598BC2C00585701 /* gameover.h */ = {isa = PBXFileReference; fileEncoding = 4; lastKnownFileType = sourcecode.c.h; path = gameover.h; sourceTree = "<group>"; };
		AAD13B7D145E8A8F0040B19C /* Maelstrom.app */ = {isa = PBXFileReference; explicitFileType = wrapper.application; includeInIndex = 0; path = Maelstrom.app; sourceTree = BUILT_PRODUCTS_DIR; };
		AAD13B81145E8A8F0040B19C /* UIKit.framework */ = {isa = PBXFileReference; lastKnownFileType = wrapper.framework; name = UIKit.framework; path = System/Library/Frameworks/UIKit.framework; sourceTree = SDKROOT; };
		AAD13B83145E8A8F0040B19C /* Foundation.framework */ = {isa = PBXFileReference; lastKnownFileType = wrapper.framework; name = Foundation.framework; path = System/Library/Frameworks/Foundation.framework; sourceTree = SDKROOT; };
		AAD13B85145E8A8F0040B19C /* CoreGraphics.framework */ = {isa = PBXFileReference; lastKnownFileType = wrapper.framework; name = CoreGraphics.framework; path = System/Library/Frameworks/CoreGraphics.framework; sourceTree = SDKROOT; };
		AAD13B8B145E8A8F0040B19C /* en */ = {isa = PBXFileReference; lastKnownFileType = text.plist.strings; name = en; path = en.lproj/InfoPlist.strings; sourceTree = "<group>"; };
		AAD53E5D1643922300203E03 /* SDL_ttf.h */ = {isa = PBXFileReference; fileEncoding = 4; lastKnownFileType = sourcecode.c.h; path = SDL_ttf.h; sourceTree = "<group>"; };
		AAD53E5E1643923500203E03 /* SDL_ttf.xcodeproj */ = {isa = PBXFileReference; lastKnownFileType = "wrapper.pb-project"; name = SDL_ttf.xcodeproj; path = "Xcode-iOS/SDL_ttf.xcodeproj"; sourceTree = "<group>"; };
		F32BA5FC2183ABF900017013 /* CoreMotion.framework */ = {isa = PBXFileReference; lastKnownFileType = wrapper.framework; name = CoreMotion.framework; path = System/Library/Frameworks/CoreMotion.framework; sourceTree = SDKROOT; };
		F32BA6082183AC4000017013 /* AVFoundation.framework */ = {isa = PBXFileReference; lastKnownFileType = wrapper.framework; name = AVFoundation.framework; path = System/Library/Frameworks/AVFoundation.framework; sourceTree = SDKROOT; };
/* End PBXFileReference section */

/* Begin PBXFrameworksBuildPhase section */
		AAD13B7A145E8A8F0040B19C /* Frameworks */ = {
			isa = PBXFrameworksBuildPhase;
			buildActionMask = 2147483647;
			files = (
				AA0777DB145EC12900DB8DB3 /* libz.dylib in Frameworks */,
				93D8E49C15911A6C00BD8D0E /* libSDL2.a in Frameworks */,
				AAC0415B160E811F00E22BC5 /* libSDL2_image.a in Frameworks */,
				AA9352DA1643958300B7B41B /* libSDL2_ttf.a in Frameworks */,
				93D8E49B15911A6700BD8D0E /* libSDL2_net.a in Frameworks */,
				AA0777D2145EB60A00DB8DB3 /* AudioToolbox.framework in Frameworks */,
				F32BA6092183AC4000017013 /* AVFoundation.framework in Frameworks */,
				AAD13B86145E8A8F0040B19C /* CoreGraphics.framework in Frameworks */,
				F32BA6072183ABF900017013 /* CoreMotion.framework in Frameworks */,
				AAD13B84145E8A8F0040B19C /* Foundation.framework in Frameworks */,
				AA7557A61594EE8F00BBD41B /* GameKit.framework in Frameworks */,
				AAC04173160E837E00E22BC5 /* ImageIO.framework in Frameworks */,
				AAC04179160E84D000E22BC5 /* MobileCoreServices.framework in Frameworks */,
				AA0777CE145EB56C00DB8DB3 /* OpenGLES.framework in Frameworks */,
				AA0777D4145EB68300DB8DB3 /* QuartzCore.framework in Frameworks */,
				AA425CF1166DBF59005F2C24 /* StoreKit.framework in Frameworks */,
				AAD13B82145E8A8F0040B19C /* UIKit.framework in Frameworks */,
			);
			runOnlyForDeploymentPostprocessing = 0;
		};
/* End PBXFrameworksBuildPhase section */

/* Begin PBXGroup section */
		02659AAF163AE3EA00A8047B /* scripts */ = {
			isa = PBXGroup;
			children = (
				02659AB0163AE3FB00A8047B /* package-post-process.rb */,
			);
			path = scripts;
			sourceTree = "<group>";
		};
		938A449E157D55870081A436 /* Products */ = {
			isa = PBXGroup;
			children = (
				938A44A2157D55870081A436 /* libSDL2_net.a */,
			);
			name = Products;
			sourceTree = "<group>";
		};
		938A44A4157D55AE0081A436 /* Products */ = {
			isa = PBXGroup;
			children = (
				938A44AE157D55AE0081A436 /* libSDL2.a */,
				F32BA5ED2183A4EE00017013 /* libSDL2.a */,
			);
			name = Products;
			sourceTree = "<group>";
		};
		AA077788145EB3F500DB8DB3 /* SDL */ = {
			isa = PBXGroup;
			children = (
				938A44A3157D55AE0081A436 /* SDL.xcodeproj */,
				AA077789145EB40800DB8DB3 /* include */,
			);
			name = SDL;
			path = ../../SDL;
			sourceTree = "<group>";
		};
		AA077789145EB40800DB8DB3 /* include */ = {
			isa = PBXGroup;
			children = (
				AA07778A145EB40800DB8DB3 /* begin_code.h */,
				AA07778B145EB40800DB8DB3 /* close_code.h */,
				AA07778C145EB40800DB8DB3 /* SDL.h */,
				AA07778D145EB40800DB8DB3 /* SDL_assert.h */,
				AA07778E145EB40800DB8DB3 /* SDL_atomic.h */,
				AA07778F145EB40800DB8DB3 /* SDL_audio.h */,
				AA077790145EB40800DB8DB3 /* SDL_blendmode.h */,
				AA077791145EB40800DB8DB3 /* SDL_clipboard.h */,
				AA077793145EB40800DB8DB3 /* SDL_config.h */,
				AA077794145EB40800DB8DB3 /* SDL_config_android.h */,
				AA077795145EB40800DB8DB3 /* SDL_config_iphoneos.h */,
				AA077796145EB40800DB8DB3 /* SDL_config_macosx.h */,
				AA077797145EB40800DB8DB3 /* SDL_config_minimal.h */,
				AA077798145EB40800DB8DB3 /* SDL_config_nintendods.h */,
				AA077799145EB40800DB8DB3 /* SDL_config_pandora.h */,
				AA07779A145EB40800DB8DB3 /* SDL_config_windows.h */,
				AA07779B145EB40800DB8DB3 /* SDL_config_wiz.h */,
				AA07779C145EB40800DB8DB3 /* SDL_copying.h */,
				AA07779D145EB40800DB8DB3 /* SDL_cpuinfo.h */,
				AA07779E145EB40800DB8DB3 /* SDL_endian.h */,
				AA07779F145EB40800DB8DB3 /* SDL_error.h */,
				AA0777A0145EB40800DB8DB3 /* SDL_events.h */,
				AA0777A1145EB40800DB8DB3 /* SDL_gesture.h */,
				AA0777A2145EB40800DB8DB3 /* SDL_haptic.h */,
				AA0777A3145EB40800DB8DB3 /* SDL_hints.h */,
				AA0777A4145EB40800DB8DB3 /* SDL_input.h */,
				AA0777A5145EB40800DB8DB3 /* SDL_joystick.h */,
				AA0777A6145EB40800DB8DB3 /* SDL_keyboard.h */,
				AA0777A7145EB40800DB8DB3 /* SDL_keycode.h */,
				AA0777A8145EB40800DB8DB3 /* SDL_loadso.h */,
				AA0777A9145EB40800DB8DB3 /* SDL_log.h */,
				AA0777AA145EB40800DB8DB3 /* SDL_main.h */,
				AA0777AB145EB40800DB8DB3 /* SDL_mouse.h */,
				AA0777AC145EB40800DB8DB3 /* SDL_mutex.h */,
				AA0777AD145EB40800DB8DB3 /* SDL_name.h */,
				AA0777AE145EB40800DB8DB3 /* SDL_opengl.h */,
				AA0777AF145EB40800DB8DB3 /* SDL_opengles.h */,
				AA0777B0145EB40800DB8DB3 /* SDL_opengles2.h */,
				AA0777B1145EB40800DB8DB3 /* SDL_pixels.h */,
				AA0777B2145EB40800DB8DB3 /* SDL_platform.h */,
				AA0777B3145EB40800DB8DB3 /* SDL_power.h */,
				AA0777B4145EB40800DB8DB3 /* SDL_quit.h */,
				AA0777B5145EB40800DB8DB3 /* SDL_rect.h */,
				AA0777B6145EB40800DB8DB3 /* SDL_render.h */,
				AA0777B7145EB40800DB8DB3 /* SDL_revision.h */,
				AA0777B8145EB40800DB8DB3 /* SDL_rwops.h */,
				AA0777B9145EB40800DB8DB3 /* SDL_scancode.h */,
				AA0777BA145EB40800DB8DB3 /* SDL_shape.h */,
				AA0777BB145EB40800DB8DB3 /* SDL_stdinc.h */,
				AA0777BC145EB40800DB8DB3 /* SDL_surface.h */,
				AA0777BD145EB40800DB8DB3 /* SDL_syswm.h */,
				AA0777BE145EB40800DB8DB3 /* SDL_thread.h */,
				AA0777BF145EB40800DB8DB3 /* SDL_timer.h */,
				AA0777C0145EB40800DB8DB3 /* SDL_touch.h */,
				AA0777C1145EB40800DB8DB3 /* SDL_types.h */,
				AA0777C2145EB40800DB8DB3 /* SDL_version.h */,
				AA0777C3145EB40800DB8DB3 /* SDL_video.h */,
			);
			path = include;
			sourceTree = "<group>";
		};
		AA0777C4145EB42200DB8DB3 /* SDL_net */ = {
			isa = PBXGroup;
			children = (
				938A4498157D555C0081A436 /* SDL_net.xcodeproj */,
				AA0777C5145EB43200DB8DB3 /* include */,
			);
			name = SDL_net;
			path = ../../SDL_net;
			sourceTree = "<group>";
		};
		AA0777C5145EB43200DB8DB3 /* include */ = {
			isa = PBXGroup;
			children = (
				AA9781BE1576A39F00472542 /* SDL_net.h */,
			);
			name = include;
			sourceTree = "<group>";
		};
		AA0777C8145EB43900DB8DB3 /* physfs */ = {
			isa = PBXGroup;
			children = (
			);
			name = physfs;
			path = "../../physfs-3.0.1";
			sourceTree = SOURCE_ROOT;
		};
		AA439054161EBE1800FE5F41 /* physfs */ = {
			isa = PBXGroup;
			children = (
				AA439055161EBE1800FE5F41 /* archiver_dir.c */,
				AA439056161EBE1800FE5F41 /* archiver_zip.c */,
				AA43905A161EBE1800FE5F41 /* physfs.c */,
				AA43905B161EBE1800FE5F41 /* physfs.h */,
				AA43905C161EBE1800FE5F41 /* physfs_byteorder.c */,
				AA43905D161EBE1800FE5F41 /* physfs_casefolding.h */,
				AA43905E161EBE1800FE5F41 /* physfs_internal.h */,
				AA43905F161EBE1800FE5F41 /* physfs_miniz.h */,
				AA439060161EBE1800FE5F41 /* physfs_platforms.h */,
				AA439061161EBE1800FE5F41 /* physfs_unicode.c */,
				AA439062161EBE1800FE5F41 /* platform_beos.cpp */,
				AA439063161EBE1800FE5F41 /* platform_macosx.c */,
				AA439064161EBE1800FE5F41 /* platform_posix.c */,
				AA439065161EBE1800FE5F41 /* platform_unix.c */,
				AA439066161EBE1800FE5F41 /* platform_windows.c */,
			);
			path = physfs;
			sourceTree = "<group>";
		};
		AA9781191576A00100472542 /* maclib */ = {
			isa = PBXGroup;
			children = (
				AA97811A1576A00100472542 /* bitesex.h */,
				AA97811C1576A00100472542 /* Mac_Compat.h */,
				AA97811D1576A00100472542 /* Mac_FontServ.cpp */,
				AA97811E1576A00100472542 /* Mac_FontServ.h */,
				AA97811F1576A00100472542 /* Mac_Sound.cpp */,
				AA9781201576A00100472542 /* Mac_Sound.h */,
			);
			path = maclib;
			sourceTree = "<group>";
		};
		AA9781241576A00100472542 /* screenlib */ = {
			isa = PBXGroup;
			children = (
				AA9781291576A00100472542 /* SDL_FrameBuf.cpp */,
				AA97812A1576A00100472542 /* SDL_FrameBuf.h */,
				AA97812B1576A00100472542 /* UIArea.cpp */,
				AA97812C1576A00100472542 /* UIArea.h */,
				AA97812D1576A00100472542 /* UIBaseElement.cpp */,
				AA97812E1576A00100472542 /* UIBaseElement.h */,
				AA97812F1576A00100472542 /* UIContainer.cpp */,
				AA9781301576A00100472542 /* UIContainer.h */,
				AA9781311576A00100472542 /* UIDialog.cpp */,
				AA9781321576A00100472542 /* UIDialog.h */,
				AA9781331576A00100472542 /* UIDialogButton.cpp */,
				AA9781341576A00100472542 /* UIDialogButton.h */,
				AA9781351576A00100472542 /* UIDrawEngine.cpp */,
				AA9781361576A00100472542 /* UIDrawEngine.h */,
				AA9781371576A00100472542 /* UIElement.cpp */,
				AA9781381576A00100472542 /* UIElement.h */,
				AA9781391576A00100472542 /* UIElementButton.cpp */,
				AA97813A1576A00100472542 /* UIElementButton.h */,
				AA97813B1576A00100472542 /* UIElementCheckbox.cpp */,
				AA97813C1576A00100472542 /* UIElementCheckbox.h */,
				AA97813D1576A00100472542 /* UIElementEditbox.cpp */,
				AA97813E1576A00100472542 /* UIElementEditbox.h */,
				AA97813F1576A00100472542 /* UIElementRadio.cpp */,
				AA9781401576A00100472542 /* UIElementRadio.h */,
				AA43907D1620E35800FE5F41 /* UIElementThumbstick.cpp */,
				AA43907E1620E35800FE5F41 /* UIElementThumbstick.h */,
				AA9781411576A00100472542 /* UIFontInterface.h */,
				AA439026161EBAA800FE5F41 /* UIImageInterface.h */,
				AA9781421576A00100472542 /* UIManager.cpp */,
				AA9781431576A00100472542 /* UIManager.h */,
				AA9781441576A00100472542 /* UIPanel.cpp */,
				AA9781451576A00100472542 /* UIPanel.h */,
				AA9781461576A00100472542 /* UISoundInterface.h */,
				AA9781471576A00100472542 /* UITemplates.cpp */,
				AA9781481576A00100472542 /* UITemplates.h */,
				AA439027161EBAA800FE5F41 /* UITexture.cpp */,
				AA439028161EBAA800FE5F41 /* UITexture.h */,
			);
			path = screenlib;
			sourceTree = "<group>";
		};
		AA9781491576A00100472542 /* utils */ = {
			isa = PBXGroup;
			children = (
				AA97814A1576A00100472542 /* array.h */,
				AA97814B1576A00100472542 /* ErrorBase.h */,
				AAC257621647A9B000F5FB43 /* files.c */,
				AAC257631647A9B000F5FB43 /* files.h */,
				AA97814C1576A00100472542 /* hashtable.c */,
				AA97814D1576A00100472542 /* hashtable.h */,
				AABDBE2415C8A6F300C3E936 /* loadxml.cpp */,
				AABDBE2515C8A6F300C3E936 /* loadxml.h */,
				AA9781501576A00100472542 /* physfsrwops.c */,
				AA9781511576A00100472542 /* physfsrwops.h */,
				AA9781521576A00100472542 /* prefs.cpp */,
				AA9781531576A00100472542 /* prefs.h */,
				AA9781541576A00100472542 /* rapidxml.h */,
				AA9781551576A00100472542 /* rapidxml.hpp */,
			);
			path = utils;
			sourceTree = "<group>";
		};
		AA9781741576A03700472542 /* game */ = {
			isa = PBXGroup;
			children = (
				AA9781751576A03700472542 /* about.cpp */,
				AA9781761576A03700472542 /* about.h */,
				AA9781771576A03700472542 /* colortable.h */,
				AABDBE1B15C8A6B200C3E936 /* continue.cpp */,
				AABDBE1C15C8A6B200C3E936 /* continue.h */,
				AA9781781576A03700472542 /* controls.cpp */,
				AA9781791576A03700472542 /* controls.h */,
				AA97817A1576A03700472542 /* fastrand.cpp */,
				AA97817B1576A03700472542 /* fastrand.h */,
				AA97817C1576A03700472542 /* game.cpp */,
				AA97817D1576A03700472542 /* game.h */,
				AA97817E1576A03700472542 /* gameinfo.cpp */,
				AA97817F1576A03700472542 /* gameinfo.h */,
				AACF50FE1598BC2C00585701 /* gameover.cpp */,
				AACF50FF1598BC2C00585701 /* gameover.h */,
				AA9781801576A03700472542 /* init.cpp */,
				AA9781811576A03700472542 /* init.h */,
				AA9781821576A03700472542 /* load.cpp */,
				AA9781831576A03700472542 /* load.h */,
				AA9781841576A03700472542 /* lobby.cpp */,
				AA9781851576A03700472542 /* lobby.h */,
				AA9781861576A03700472542 /* MacDialog.cpp */,
				AA9781871576A03700472542 /* MacDialog.h */,
				AA9781881576A03700472542 /* Maelstrom.h */,
				AA9781891576A03700472542 /* Maelstrom_Globals.h */,
				AA97818A1576A03700472542 /* MaelstromUI.cpp */,
				AA97818B1576A03700472542 /* MaelstromUI.h */,
				AA97818C1576A03700472542 /* main.cpp */,
				AA97818D1576A03700472542 /* main.h */,
				AA97818E1576A03700472542 /* make.cpp */,
				AA97818F1576A03700472542 /* make.h */,
				AA9781921576A03700472542 /* myerror.cpp */,
				AA9781931576A03700472542 /* myerror.h */,
				AA9781941576A03700472542 /* netplay.cpp */,
				AA9781951576A03700472542 /* netplay.h */,
				AA9781961576A03700472542 /* object.cpp */,
				AA9781971576A03700472542 /* object.h */,
				AA9781981576A03700472542 /* objects.cpp */,
				AA9781991576A03700472542 /* objects.h */,
				AA97819A1576A03700472542 /* packet.h */,
				AA97819B1576A03700472542 /* player.cpp */,
				AA97819C1576A03700472542 /* player.h */,
				AA97819D1576A03700472542 /* protocol.h */,
				AA97819E1576A03700472542 /* rect.cpp */,
				AA97819F1576A03700472542 /* rect.h */,
				AA9781A01576A03700472542 /* replay.cpp */,
				AA9781A11576A03700472542 /* replay.h */,
				AA9781A21576A03700472542 /* scores.cpp */,
				AA9781A31576A03700472542 /* scores.h */,
				AA425CEA166DBCE5005F2C24 /* ServiceManager.cpp */,
				AA425CEB166DBCE5005F2C24 /* ServiceManager.h */,
				AA9781A41576A03700472542 /* shinobi.h */,
				AA425CED166DBCF6005F2C24 /* store.cpp */,
				AA425CEE166DBCF6005F2C24 /* store.h */,
			);
			path = game;
			sourceTree = "<group>";
		};
		AAC0414C160E800800E22BC5 /* SDL_image */ = {
			isa = PBXGroup;
			children = (
				AAC04155160E809E00E22BC5 /* SDL_image.xcodeproj */,
				AAC04153160E807000E22BC5 /* include */,
			);
			name = SDL_image;
			path = ../../SDL_image;
			sourceTree = "<group>";
		};
		AAC04153160E807000E22BC5 /* include */ = {
			isa = PBXGroup;
			children = (
				AAC04154160E808500E22BC5 /* SDL_image.h */,
			);
			name = include;
			sourceTree = "<group>";
		};
		AAC04156160E809E00E22BC5 /* Products */ = {
			isa = PBXGroup;
			children = (
				AAC0415A160E809F00E22BC5 /* libSDL2_image.a */,
				F32BA5F22183A4FA00017013 /* libSDL2_image.a */,
			);
			name = Products;
			sourceTree = "<group>";
		};
		AAD13B72145E8A8F0040B19C = {
			isa = PBXGroup;
			children = (
				02659AAF163AE3EA00A8047B /* scripts */,
				AA0777C8145EB43900DB8DB3 /* physfs */,
				AA077788145EB3F500DB8DB3 /* SDL */,
				AAC0414C160E800800E22BC5 /* SDL_image */,
				AAD53E43164391BD00203E03 /* SDL_ttf */,
				AA0777C4145EB42200DB8DB3 /* SDL_net */,
				AAD13B87145E8A8F0040B19C /* Maelstrom */,
				AAD13B80145E8A8F0040B19C /* Frameworks */,
				AAD13B7E145E8A8F0040B19C /* Products */,
			);
			sourceTree = "<group>";
			tabWidth = 8;
			usesTabs = 1;
		};
		AAD13B7E145E8A8F0040B19C /* Products */ = {
			isa = PBXGroup;
			children = (
				AAD13B7D145E8A8F0040B19C /* Maelstrom.app */,
			);
			name = Products;
			sourceTree = "<group>";
		};
		AAD13B80145E8A8F0040B19C /* Frameworks */ = {
			isa = PBXGroup;
			children = (
				F32BA6082183AC4000017013 /* AVFoundation.framework */,
				F32BA5FC2183ABF900017013 /* CoreMotion.framework */,
				AA0777DA145EC12900DB8DB3 /* libz.dylib */,
				AA0777D1145EB60A00DB8DB3 /* AudioToolbox.framework */,
				AAD13B85145E8A8F0040B19C /* CoreGraphics.framework */,
				AAD13B83145E8A8F0040B19C /* Foundation.framework */,
				AA7557A51594EE8F00BBD41B /* GameKit.framework */,
				AAC04172160E837E00E22BC5 /* ImageIO.framework */,
				AAC04178160E84D000E22BC5 /* MobileCoreServices.framework */,
				AA0777CD145EB56C00DB8DB3 /* OpenGLES.framework */,
				AA0777D3145EB68300DB8DB3 /* QuartzCore.framework */,
				AA425CF0166DBF59005F2C24 /* StoreKit.framework */,
				AAD13B81145E8A8F0040B19C /* UIKit.framework */,
			);
			name = Frameworks;
			sourceTree = "<group>";
		};
		AAD13B87145E8A8F0040B19C /* Maelstrom */ = {
			isa = PBXGroup;
			children = (
				AA97808215769F3400472542 /* mainstub.cpp */,
				AA7557A71595019400BBD41B /* Maelstrom_GameKit.h */,
				AA7557AA1595062C00BBD41B /* Maelstrom_GameKit.mm */,
				AA425CE8166DBC4E005F2C24 /* ServiceManager_StoreKit.mm */,
				AA9781741576A03700472542 /* game */,
				AA9781191576A00100472542 /* maclib */,
				AA439054161EBE1800FE5F41 /* physfs */,
				AA9781241576A00100472542 /* screenlib */,
				AA9781491576A00100472542 /* utils */,
				AAD13B88145E8A8F0040B19C /* Supporting Files */,
			);
			name = Maelstrom;
			path = ..;
			sourceTree = "<group>";
		};
		AAD13B88145E8A8F0040B19C /* Supporting Files */ = {
			isa = PBXGroup;
			children = (
				AA438FDB161D59A700FE5F41 /* Default-568h@2x.png */,
				AA438FDF161D5A4200FE5F41 /* Default-Landscape@2x~ipad.png */,
				AA438FDD161D59C700FE5F41 /* Default-Landscape~ipad.png */,
				AA438FD7161D57E300FE5F41 /* Default.png */,
				AA438FD9161D599E00FE5F41 /* Default@2x.png */,
				AA80895816B5EA0F00590E8D /* Icon-72.png */,
				AA80895A16B5EA3700590E8D /* Icon-72@2x.png */,
				AA80895416B5E99D00590E8D /* Icon.png */,
				AA80895616B5E9ED00590E8D /* Icon@2x.png */,
				AAD13B8A145E8A8F0040B19C /* InfoPlist.strings */,
				93D8E4A315911CDC00BD8D0E /* Maelstrom-Info.plist */,
				AA9781BB1576A14D00472542 /* Maelstrom_Data.zip */,
			);
			name = "Supporting Files";
			sourceTree = "<group>";
		};
		AAD53E43164391BD00203E03 /* SDL_ttf */ = {
			isa = PBXGroup;
			children = (
				AAD53E5E1643923500203E03 /* SDL_ttf.xcodeproj */,
				AAD53E5C1643921100203E03 /* include */,
			);
			name = SDL_ttf;
			path = ../../SDL_ttf;
			sourceTree = "<group>";
		};
		AAD53E5C1643921100203E03 /* include */ = {
			isa = PBXGroup;
			children = (
				AAD53E5D1643922300203E03 /* SDL_ttf.h */,
			);
			name = include;
			sourceTree = "<group>";
		};
		AAD53E7A164392D700203E03 /* Products */ = {
			isa = PBXGroup;
			children = (
				AAD53E7E164392D700203E03 /* libSDL2_ttf.a */,
				F32BA5F72183A50900017013 /* libSDL2_ttf.a */,
			);
			name = Products;
			sourceTree = "<group>";
		};
/* End PBXGroup section */

/* Begin PBXNativeTarget section */
		AAD13B7C145E8A8F0040B19C /* Maelstrom */ = {
			isa = PBXNativeTarget;
			buildConfigurationList = AAD13B95145E8A8F0040B19C /* Build configuration list for PBXNativeTarget "Maelstrom" */;
			buildPhases = (
				AAD13B79145E8A8F0040B19C /* Sources */,
				AAD13B7A145E8A8F0040B19C /* Frameworks */,
				AAC04120160E7D8000E22BC5 /* Build Data Archive */,
				AAD13B7B145E8A8F0040B19C /* Resources */,
			);
			buildRules = (
			);
			dependencies = (
				93E9C28D16442AD100B39D38 /* PBXTargetDependency */,
				93E9C28F16442AD100B39D38 /* PBXTargetDependency */,
				93D8E495159117BC00BD8D0E /* PBXTargetDependency */,
				93D8E497159117BC00BD8D0E /* PBXTargetDependency */,
			);
			name = Maelstrom;
			productName = Maelstrom;
			productReference = AAD13B7D145E8A8F0040B19C /* Maelstrom.app */;
			productType = "com.apple.product-type.application";
		};
/* End PBXNativeTarget section */

/* Begin PBXProject section */
		AAD13B74145E8A8F0040B19C /* Project object */ = {
			isa = PBXProject;
			attributes = {
				LastUpgradeCheck = 0430;
				TargetAttributes = {
					026598AB163AC12800A8047B = {
						DevelopmentTeam = MXGJJ98X76;
					};
					AAD13B7C145E8A8F0040B19C = {
						DevelopmentTeam = MXGJJ98X76;
					};
				};
			};
			buildConfigurationList = AAD13B77145E8A8F0040B19C /* Build configuration list for PBXProject "Maelstrom" */;
			compatibilityVersion = "Xcode 3.2";
			developmentRegion = English;
			hasScannedForEncodings = 0;
			knownRegions = (
				en,
			);
			mainGroup = AAD13B72145E8A8F0040B19C;
			productRefGroup = AAD13B7E145E8A8F0040B19C /* Products */;
			projectDirPath = "";
			projectReferences = (
				{
					ProductGroup = 938A44A4157D55AE0081A436 /* Products */;
					ProjectRef = 938A44A3157D55AE0081A436 /* SDL.xcodeproj */;
				},
				{
					ProductGroup = AAC04156160E809E00E22BC5 /* Products */;
					ProjectRef = AAC04155160E809E00E22BC5 /* SDL_image.xcodeproj */;
				},
				{
					ProductGroup = 938A449E157D55870081A436 /* Products */;
					ProjectRef = 938A4498157D555C0081A436 /* SDL_net.xcodeproj */;
				},
				{
					ProductGroup = AAD53E7A164392D700203E03 /* Products */;
					ProjectRef = AAD53E5E1643923500203E03 /* SDL_ttf.xcodeproj */;
				},
			);
			projectRoot = "";
			targets = (
				AAD13B7C145E8A8F0040B19C /* Maelstrom */,
				026598AB163AC12800A8047B /* Package Maelstrom */,
			);
		};
/* End PBXProject section */

/* Begin PBXReferenceProxy section */
		938A44A2157D55870081A436 /* libSDL2_net.a */ = {
			isa = PBXReferenceProxy;
			fileType = archive.ar;
			path = libSDL2_net.a;
			remoteRef = 938A44A1157D55870081A436 /* PBXContainerItemProxy */;
			sourceTree = BUILT_PRODUCTS_DIR;
		};
		938A44AE157D55AE0081A436 /* libSDL2.a */ = {
			isa = PBXReferenceProxy;
			fileType = archive.ar;
			path = libSDL2.a;
			remoteRef = 938A44AD157D55AE0081A436 /* PBXContainerItemProxy */;
			sourceTree = BUILT_PRODUCTS_DIR;
		};
		AAC0415A160E809F00E22BC5 /* libSDL2_image.a */ = {
			isa = PBXReferenceProxy;
			fileType = archive.ar;
			path = libSDL2_image.a;
			remoteRef = AAC04159160E809F00E22BC5 /* PBXContainerItemProxy */;
			sourceTree = BUILT_PRODUCTS_DIR;
		};
		AAD53E7E164392D700203E03 /* libSDL2_ttf.a */ = {
			isa = PBXReferenceProxy;
			fileType = archive.ar;
			path = libSDL2_ttf.a;
			remoteRef = AAD53E7D164392D700203E03 /* PBXContainerItemProxy */;
			sourceTree = BUILT_PRODUCTS_DIR;
		};
		F32BA5ED2183A4EE00017013 /* libSDL2.a */ = {
			isa = PBXReferenceProxy;
			fileType = archive.ar;
			path = libSDL2.a;
			remoteRef = F32BA5EC2183A4EE00017013 /* PBXContainerItemProxy */;
			sourceTree = BUILT_PRODUCTS_DIR;
		};
		F32BA5F22183A4FA00017013 /* libSDL2_image.a */ = {
			isa = PBXReferenceProxy;
			fileType = archive.ar;
			path = libSDL2_image.a;
			remoteRef = F32BA5F12183A4FA00017013 /* PBXContainerItemProxy */;
			sourceTree = BUILT_PRODUCTS_DIR;
		};
		F32BA5F72183A50900017013 /* libSDL2_ttf.a */ = {
			isa = PBXReferenceProxy;
			fileType = archive.ar;
			path = libSDL2_ttf.a;
			remoteRef = F32BA5F62183A50900017013 /* PBXContainerItemProxy */;
			sourceTree = BUILT_PRODUCTS_DIR;
		};
/* End PBXReferenceProxy section */

/* Begin PBXResourcesBuildPhase section */
		AAD13B7B145E8A8F0040B19C /* Resources */ = {
			isa = PBXResourcesBuildPhase;
			buildActionMask = 2147483647;
			files = (
				AAD13B8C145E8A8F0040B19C /* InfoPlist.strings in Resources */,
				AA9781BC1576A14D00472542 /* Maelstrom_Data.zip in Resources */,
				AA438FD8161D57E300FE5F41 /* Default.png in Resources */,
				AA438FDA161D599E00FE5F41 /* Default@2x.png in Resources */,
				AA438FDC161D59A700FE5F41 /* Default-568h@2x.png in Resources */,
				AA438FDE161D59C700FE5F41 /* Default-Landscape~ipad.png in Resources */,
				AA438FE0161D5A4200FE5F41 /* Default-Landscape@2x~ipad.png in Resources */,
				AA80895516B5E99D00590E8D /* Icon.png in Resources */,
				AA80895716B5E9ED00590E8D /* Icon@2x.png in Resources */,
				AA80895916B5EA0F00590E8D /* Icon-72.png in Resources */,
				AA80895B16B5EA3700590E8D /* Icon-72@2x.png in Resources */,
			);
			runOnlyForDeploymentPostprocessing = 0;
		};
/* End PBXResourcesBuildPhase section */

/* Begin PBXShellScriptBuildPhase section */
		026598B1163AC1CF00A8047B /* Package */ = {
			isa = PBXShellScriptBuildPhase;
			buildActionMask = 2147483647;
			files = (
			);
			inputPaths = (
			);
			name = Package;
			outputPaths = (
			);
			runOnlyForDeploymentPostprocessing = 0;
			shellPath = /bin/sh;
			shellScript = "ruby $SRCROOT/scripts/package-post-process.rb\nif [ $? -ne 0 ]; then\n    exit 1\nfi\n";
			showEnvVarsInLog = 0;
		};
		AAC04120160E7D8000E22BC5 /* Build Data Archive */ = {
			isa = PBXShellScriptBuildPhase;
			buildActionMask = 2147483647;
			files = (
			);
			inputPaths = (
				"$(SRCROOT)/../Data",
			);
			name = "Build Data Archive";
			outputPaths = (
				"$(SRCROOT)/../Maelstrom_Data.zip",
			);
			runOnlyForDeploymentPostprocessing = 0;
			shellPath = /bin/sh;
			shellScript = "DATA=Maelstrom_Data.zip\ncd $SRCROOT/../Data\n(find . -type f | fgrep -v .svn | zip -r ../$DATA.new -@) || exit 1\ncd ..\nmv $DATA.new $DATA";
		};
/* End PBXShellScriptBuildPhase section */

/* Begin PBXSourcesBuildPhase section */
		AAD13B79145E8A8F0040B19C /* Sources */ = {
			isa = PBXSourcesBuildPhase;
			buildActionMask = 2147483647;
			files = (
				AA97808315769F3400472542 /* mainstub.cpp in Sources */,
				AA9781571576A00100472542 /* Mac_FontServ.cpp in Sources */,
				AA9781581576A00100472542 /* Mac_Sound.cpp in Sources */,
				AA9781601576A00100472542 /* SDL_FrameBuf.cpp in Sources */,
				AA9781611576A00100472542 /* UIArea.cpp in Sources */,
				AA9781621576A00100472542 /* UIBaseElement.cpp in Sources */,
				AA9781631576A00100472542 /* UIContainer.cpp in Sources */,
				AA9781641576A00100472542 /* UIDialog.cpp in Sources */,
				AA9781651576A00100472542 /* UIDialogButton.cpp in Sources */,
				AA9781661576A00100472542 /* UIDrawEngine.cpp in Sources */,
				AA9781671576A00100472542 /* UIElement.cpp in Sources */,
				AA9781681576A00100472542 /* UIElementButton.cpp in Sources */,
				AA9781691576A00100472542 /* UIElementCheckbox.cpp in Sources */,
				AA97816A1576A00100472542 /* UIElementEditbox.cpp in Sources */,
				AA97816B1576A00100472542 /* UIElementRadio.cpp in Sources */,
				AA97816C1576A00100472542 /* UIManager.cpp in Sources */,
				AA97816D1576A00100472542 /* UIPanel.cpp in Sources */,
				AA97816E1576A00100472542 /* UITemplates.cpp in Sources */,
				AA97816F1576A00100472542 /* hashtable.c in Sources */,
				AA9781721576A00100472542 /* physfsrwops.c in Sources */,
				AA9781731576A00100472542 /* prefs.cpp in Sources */,
				AA9781A51576A03700472542 /* about.cpp in Sources */,
				AA9781A61576A03700472542 /* controls.cpp in Sources */,
				AA9781A71576A03700472542 /* fastrand.cpp in Sources */,
				AA9781A81576A03700472542 /* game.cpp in Sources */,
				AA9781A91576A03700472542 /* gameinfo.cpp in Sources */,
				AA9781AA1576A03700472542 /* init.cpp in Sources */,
				AA9781AB1576A03700472542 /* load.cpp in Sources */,
				AA9781AC1576A03700472542 /* lobby.cpp in Sources */,
				AA9781AD1576A03700472542 /* MacDialog.cpp in Sources */,
				AA9781AE1576A03700472542 /* MaelstromUI.cpp in Sources */,
				AA9781AF1576A03700472542 /* main.cpp in Sources */,
				AA9781B01576A03700472542 /* make.cpp in Sources */,
				AA9781B31576A03700472542 /* myerror.cpp in Sources */,
				AA9781B41576A03700472542 /* netplay.cpp in Sources */,
				AA9781B51576A03700472542 /* object.cpp in Sources */,
				AA9781B61576A03700472542 /* objects.cpp in Sources */,
				AA9781B71576A03700472542 /* player.cpp in Sources */,
				AA9781B81576A03700472542 /* rect.cpp in Sources */,
				AA9781B91576A03700472542 /* replay.cpp in Sources */,
				AA9781BA1576A03700472542 /* scores.cpp in Sources */,
				AA7557AB1595062C00BBD41B /* Maelstrom_GameKit.mm in Sources */,
				AACF51001598BC2C00585701 /* gameover.cpp in Sources */,
				AABDBE1F15C8A6B200C3E936 /* continue.cpp in Sources */,
				AABDBE2615C8A6F300C3E936 /* loadxml.cpp in Sources */,
				AA439029161EBAA800FE5F41 /* UITexture.cpp in Sources */,
				AA439067161EBE1800FE5F41 /* archiver_dir.c in Sources */,
				AA439068161EBE1800FE5F41 /* archiver_zip.c in Sources */,
				AA43906C161EBE1800FE5F41 /* physfs.c in Sources */,
				AA43906D161EBE1800FE5F41 /* physfs_byteorder.c in Sources */,
				AA43906E161EBE1800FE5F41 /* physfs_unicode.c in Sources */,
				AA43906F161EBE1800FE5F41 /* platform_beos.cpp in Sources */,
				AA439070161EBE1800FE5F41 /* platform_macosx.c in Sources */,
				AA439071161EBE1800FE5F41 /* platform_posix.c in Sources */,
				AA439072161EBE1800FE5F41 /* platform_unix.c in Sources */,
				AA439073161EBE1800FE5F41 /* platform_windows.c in Sources */,
				AA43907F1620E35800FE5F41 /* UIElementThumbstick.cpp in Sources */,
				AAC257641647A9B000F5FB43 /* files.c in Sources */,
				AA425CE9166DBC4E005F2C24 /* ServiceManager_StoreKit.mm in Sources */,
				AA425CEC166DBCE5005F2C24 /* ServiceManager.cpp in Sources */,
				AA425CEF166DBCF6005F2C24 /* store.cpp in Sources */,
			);
			runOnlyForDeploymentPostprocessing = 0;
		};
/* End PBXSourcesBuildPhase section */

/* Begin PBXTargetDependency section */
		026598B0163AC12F00A8047B /* PBXTargetDependency */ = {
			isa = PBXTargetDependency;
			target = AAD13B7C145E8A8F0040B19C /* Maelstrom */;
			targetProxy = 026598AF163AC12F00A8047B /* PBXContainerItemProxy */;
		};
		93D8E495159117BC00BD8D0E /* PBXTargetDependency */ = {
			isa = PBXTargetDependency;
			name = "Static Library";
			targetProxy = 93D8E494159117BC00BD8D0E /* PBXContainerItemProxy */;
		};
		93D8E497159117BC00BD8D0E /* PBXTargetDependency */ = {
			isa = PBXTargetDependency;
			name = libSDL;
			targetProxy = 93D8E496159117BC00BD8D0E /* PBXContainerItemProxy */;
		};
		93E9C28D16442AD100B39D38 /* PBXTargetDependency */ = {
			isa = PBXTargetDependency;
			name = "Static Library";
			targetProxy = 93E9C28C16442AD100B39D38 /* PBXContainerItemProxy */;
		};
		93E9C28F16442AD100B39D38 /* PBXTargetDependency */ = {
			isa = PBXTargetDependency;
			name = libSDL_image;
			targetProxy = 93E9C28E16442AD100B39D38 /* PBXContainerItemProxy */;
		};
/* End PBXTargetDependency section */

/* Begin PBXVariantGroup section */
		AAD13B8A145E8A8F0040B19C /* InfoPlist.strings */ = {
			isa = PBXVariantGroup;
			children = (
				AAD13B8B145E8A8F0040B19C /* en */,
			);
			name = InfoPlist.strings;
			path = Xcode;
			sourceTree = "<group>";
		};
/* End PBXVariantGroup section */

/* Begin XCBuildConfiguration section */
		026598AD163AC12800A8047B /* Debug */ = {
			isa = XCBuildConfiguration;
			buildSettings = {
				DMGDEST = "$(SRCROOT)/build";
				DWARF_DSYM_FOLDER_PATH = "$(SRCROOT)/dSYMs";
				FULL_PRODUCT_NAME = Maelstrom.app;
				PRODUCT_NAME = "$(TARGET_NAME)";
			};
			name = Debug;
		};
		026598AE163AC12800A8047B /* Release */ = {
			isa = XCBuildConfiguration;
			buildSettings = {
				DMGDEST = "$(SRCROOT)/build";
				DWARF_DSYM_FOLDER_PATH = "$(SRCROOT)/dSYMs";
				FULL_PRODUCT_NAME = Maelstrom.app;
				PRODUCT_NAME = "$(TARGET_NAME)";
			};
			name = Release;
		};
		932D49F31693382100B8A913 /* Distribution */ = {
			isa = XCBuildConfiguration;
			buildSettings = {
				SDKROOT = iphoneos;
				VALIDATE_PRODUCT = YES;
			};
			name = Distribution;
		};
		932D49F41693382100B8A913 /* Distribution */ = {
			isa = XCBuildConfiguration;
			buildSettings = {
				CODE_SIGN_IDENTITY = "iPhone Distribution";
				"CODE_SIGN_IDENTITY[sdk=iphoneos*]" = "iPhone Distribution";
				GCC_PRECOMPILE_PREFIX_HEADER = YES;
				GCC_PREPROCESSOR_DEFINITIONS = (
					"USING_STOREKIT=1",
					"$(inherited)",
				);
				INFOPLIST_FILE = "Maelstrom-Info.plist";
				PRODUCT_NAME = "$(TARGET_NAME)";
				PROVISIONING_PROFILE = "";
				"PROVISIONING_PROFILE[sdk=iphoneos*]" = "";
				WRAPPER_EXTENSION = app;
			};
			name = Distribution;
		};
		932D49F51693382100B8A913 /* Distribution */ = {
			isa = XCBuildConfiguration;
			buildSettings = {
				DMGDEST = "$(SRCROOT)/build";
				DWARF_DSYM_FOLDER_PATH = "$(SRCROOT)/dSYMs";
				FULL_PRODUCT_NAME = Maelstrom.app;
				PRODUCT_NAME = "$(TARGET_NAME)";
			};
			name = Distribution;
		};
		AAD13B93145E8A8F0040B19C /* Debug */ = {
			isa = XCBuildConfiguration;
			buildSettings = {
				GCC_PREPROCESSOR_DEFINITIONS = (
					"DEBUG=1",
					"$(inherited)",
				);
				SDKROOT = iphoneos;
			};
			name = Debug;
		};
		AAD13B94145E8A8F0040B19C /* Release */ = {
			isa = XCBuildConfiguration;
			buildSettings = {
				SDKROOT = iphoneos;
				VALIDATE_PRODUCT = YES;
			};
			name = Release;
		};
		AAD13B96145E8A8F0040B19C /* Debug */ = {
			isa = XCBuildConfiguration;
			buildSettings = {
				CODE_SIGN_IDENTITY = "iPhone Developer";
				GCC_PRECOMPILE_PREFIX_HEADER = YES;
				GCC_PREPROCESSOR_DEFINITIONS = (
					"USING_STOREKIT=1",
					"$(inherited)",
				);
				INFOPLIST_FILE = "Maelstrom-Info.plist";
				PRODUCT_NAME = "$(TARGET_NAME)";
				PROVISIONING_PROFILE = "";
				WRAPPER_EXTENSION = app;
			};
			name = Debug;
		};
		AAD13B97145E8A8F0040B19C /* Release */ = {
			isa = XCBuildConfiguration;
			buildSettings = {
				CODE_SIGN_IDENTITY = "iPhone Developer";
				GCC_PRECOMPILE_PREFIX_HEADER = YES;
				GCC_PREPROCESSOR_DEFINITIONS = (
					"USING_STOREKIT=1",
					"$(inherited)",
				);
				INFOPLIST_FILE = "Maelstrom-Info.plist";
				PRODUCT_NAME = "$(TARGET_NAME)";
				PROVISIONING_PROFILE = "";
				WRAPPER_EXTENSION = app;
			};
			name = Release;
		};
/* End XCBuildConfiguration section */

/* Begin XCConfigurationList section */
		026598AC163AC12800A8047B /* Build configuration list for PBXAggregateTarget "Package Maelstrom" */ = {
			isa = XCConfigurationList;
			buildConfigurations = (
				026598AD163AC12800A8047B /* Debug */,
				026598AE163AC12800A8047B /* Release */,
				932D49F51693382100B8A913 /* Distribution */,
			);
			defaultConfigurationIsVisible = 0;
			defaultConfigurationName = Release;
		};
		AAD13B77145E8A8F0040B19C /* Build configuration list for PBXProject "Maelstrom" */ = {
			isa = XCConfigurationList;
			buildConfigurations = (
				AAD13B93145E8A8F0040B19C /* Debug */,
				AAD13B94145E8A8F0040B19C /* Release */,
				932D49F31693382100B8A913 /* Distribution */,
			);
			defaultConfigurationIsVisible = 0;
			defaultConfigurationName = Release;
		};
		AAD13B95145E8A8F0040B19C /* Build configuration list for PBXNativeTarget "Maelstrom" */ = {
			isa = XCConfigurationList;
			buildConfigurations = (
				AAD13B96145E8A8F0040B19C /* Debug */,
				AAD13B97145E8A8F0040B19C /* Release */,
				932D49F41693382100B8A913 /* Distribution */,
			);
			defaultConfigurationIsVisible = 0;
			defaultConfigurationName = Release;
		};
/* End XCConfigurationList section */
	};
	rootObject = AAD13B74145E8A8F0040B19C /* Project object */;
}
